// !$*UTF8*$!
{
	archiveVersion = 1;
	classes = {
	};
	objectVersion = 46;
	objects = {

/* Begin PBXBuildFile section */
		OBJ_101 /* ProcessRunner.framework in Frameworks */ = {isa = PBXBuildFile; fileRef = OBJ_33 /* ProcessRunner.framework */; };
		OBJ_102 /* DockerProcess.framework in Frameworks */ = {isa = PBXBuildFile; fileRef = OBJ_34 /* DockerProcess.framework */; };
		OBJ_103 /* CliRunnable.framework in Frameworks */ = {isa = PBXBuildFile; fileRef = OBJ_35 /* CliRunnable.framework */; };
		OBJ_104 /* S3Kit.framework in Frameworks */ = {isa = PBXBuildFile; fileRef = OBJ_36 /* S3Kit.framework */; };
		OBJ_105 /* XcodeHelperKit.framework in Frameworks */ = {isa = PBXBuildFile; fileRef = OBJ_37 /* XcodeHelperKit.framework */; };
		OBJ_44 /* ProcessRunner.swift in Sources */ = {isa = PBXBuildFile; fileRef = OBJ_31 /* ProcessRunner.swift */; };
		OBJ_51 /* DockerProcess.swift in Sources */ = {isa = PBXBuildFile; fileRef = OBJ_28 /* DockerProcess.swift */; };
		OBJ_52 /* DockerRunnable.swift in Sources */ = {isa = PBXBuildFile; fileRef = OBJ_29 /* DockerRunnable.swift */; };
		OBJ_54 /* ProcessRunner.framework in Frameworks */ = {isa = PBXBuildFile; fileRef = OBJ_33 /* ProcessRunner.framework */; };
		OBJ_61 /* CliOption.swift in Sources */ = {isa = PBXBuildFile; fileRef = OBJ_24 /* CliOption.swift */; };
		OBJ_62 /* CliRunnable.swift in Sources */ = {isa = PBXBuildFile; fileRef = OBJ_25 /* CliRunnable.swift */; };
		OBJ_63 /* Helpable.swift in Sources */ = {isa = PBXBuildFile; fileRef = OBJ_26 /* Helpable.swift */; };
		OBJ_70 /* Data+SHA256.swift in Sources */ = {isa = PBXBuildFile; fileRef = OBJ_19 /* Data+SHA256.swift */; };
		OBJ_71 /* S3Kit.swift in Sources */ = {isa = PBXBuildFile; fileRef = OBJ_20 /* S3Kit.swift */; };
		OBJ_72 /* S3V4Signer.swift in Sources */ = {isa = PBXBuildFile; fileRef = OBJ_21 /* S3V4Signer.swift */; };
		OBJ_79 /* XcodeHelpable.swift in Sources */ = {isa = PBXBuildFile; fileRef = OBJ_8 /* XcodeHelpable.swift */; };
		OBJ_80 /* XcodeHelper.swift in Sources */ = {isa = PBXBuildFile; fileRef = OBJ_9 /* XcodeHelper.swift */; };
		OBJ_82 /* ProcessRunner.framework in Frameworks */ = {isa = PBXBuildFile; fileRef = OBJ_33 /* ProcessRunner.framework */; };
		OBJ_83 /* DockerProcess.framework in Frameworks */ = {isa = PBXBuildFile; fileRef = OBJ_34 /* DockerProcess.framework */; };
		OBJ_84 /* CliRunnable.framework in Frameworks */ = {isa = PBXBuildFile; fileRef = OBJ_35 /* CliRunnable.framework */; };
		OBJ_85 /* S3Kit.framework in Frameworks */ = {isa = PBXBuildFile; fileRef = OBJ_36 /* S3Kit.framework */; };
		OBJ_95 /* BuildConfigurationTests.swift in Sources */ = {isa = PBXBuildFile; fileRef = OBJ_12 /* BuildConfigurationTests.swift */; };
		OBJ_96 /* DockerRunnableFixture.swift in Sources */ = {isa = PBXBuildFile; fileRef = OBJ_13 /* DockerRunnableFixture.swift */; };
		OBJ_97 /* GitTagComponentTests.swift in Sources */ = {isa = PBXBuildFile; fileRef = OBJ_14 /* GitTagComponentTests.swift */; };
		OBJ_98 /* ProcessRunnableFixture.swift in Sources */ = {isa = PBXBuildFile; fileRef = OBJ_15 /* ProcessRunnableFixture.swift */; };
		OBJ_99 /* XcodeHelperKitTests.swift in Sources */ = {isa = PBXBuildFile; fileRef = OBJ_16 /* XcodeHelperKitTests.swift */; };
/* End PBXBuildFile section */

/* Begin PBXContainerItemProxy section */
		3881839A1EC5774000445D55 /* PBXContainerItemProxy */ = {
			isa = PBXContainerItemProxy;
			containerPortal = OBJ_1 /* Project object */;
			proxyType = 1;
			remoteGlobalIDString = OBJ_39;
			remoteInfo = ProcessRunner;
		};
		3881839B1EC5774000445D55 /* PBXContainerItemProxy */ = {
			isa = PBXContainerItemProxy;
			containerPortal = OBJ_1 /* Project object */;
			proxyType = 1;
			remoteGlobalIDString = OBJ_39;
			remoteInfo = ProcessRunner;
		};
		3881839C1EC5774000445D55 /* PBXContainerItemProxy */ = {
			isa = PBXContainerItemProxy;
			containerPortal = OBJ_1 /* Project object */;
			proxyType = 1;
			remoteGlobalIDString = OBJ_46;
			remoteInfo = DockerProcess;
		};
		3881839D1EC5774000445D55 /* PBXContainerItemProxy */ = {
			isa = PBXContainerItemProxy;
			containerPortal = OBJ_1 /* Project object */;
			proxyType = 1;
			remoteGlobalIDString = OBJ_56;
			remoteInfo = CliRunnable;
		};
		3881839E1EC5774000445D55 /* PBXContainerItemProxy */ = {
			isa = PBXContainerItemProxy;
			containerPortal = OBJ_1 /* Project object */;
			proxyType = 1;
			remoteGlobalIDString = OBJ_65;
			remoteInfo = S3Kit;
		};
		3881839F1EC5774000445D55 /* PBXContainerItemProxy */ = {
			isa = PBXContainerItemProxy;
			containerPortal = OBJ_1 /* Project object */;
			proxyType = 1;
			remoteGlobalIDString = OBJ_39;
			remoteInfo = ProcessRunner;
		};
		388183A01EC5774000445D55 /* PBXContainerItemProxy */ = {
			isa = PBXContainerItemProxy;
			containerPortal = OBJ_1 /* Project object */;
			proxyType = 1;
			remoteGlobalIDString = OBJ_46;
			remoteInfo = DockerProcess;
		};
		388183A11EC5774000445D55 /* PBXContainerItemProxy */ = {
			isa = PBXContainerItemProxy;
			containerPortal = OBJ_1 /* Project object */;
			proxyType = 1;
			remoteGlobalIDString = OBJ_56;
			remoteInfo = CliRunnable;
		};
		388183A21EC5774000445D55 /* PBXContainerItemProxy */ = {
			isa = PBXContainerItemProxy;
			containerPortal = OBJ_1 /* Project object */;
			proxyType = 1;
			remoteGlobalIDString = OBJ_65;
			remoteInfo = S3Kit;
		};
		388183A31EC5774000445D55 /* PBXContainerItemProxy */ = {
			isa = PBXContainerItemProxy;
			containerPortal = OBJ_1 /* Project object */;
			proxyType = 1;
			remoteGlobalIDString = OBJ_74;
			remoteInfo = XcodeHelperKit;
		};
/* End PBXContainerItemProxy section */

/* Begin PBXFileReference section */
		OBJ_12 /* BuildConfigurationTests.swift */ = {isa = PBXFileReference; lastKnownFileType = sourcecode.swift; path = BuildConfigurationTests.swift; sourceTree = "<group>"; };
		OBJ_13 /* DockerRunnableFixture.swift */ = {isa = PBXFileReference; lastKnownFileType = sourcecode.swift; path = DockerRunnableFixture.swift; sourceTree = "<group>"; };
		OBJ_14 /* GitTagComponentTests.swift */ = {isa = PBXFileReference; lastKnownFileType = sourcecode.swift; path = GitTagComponentTests.swift; sourceTree = "<group>"; };
		OBJ_15 /* ProcessRunnableFixture.swift */ = {isa = PBXFileReference; lastKnownFileType = sourcecode.swift; path = ProcessRunnableFixture.swift; sourceTree = "<group>"; };
		OBJ_16 /* XcodeHelperKitTests.swift */ = {isa = PBXFileReference; lastKnownFileType = sourcecode.swift; path = XcodeHelperKitTests.swift; sourceTree = "<group>"; };
		OBJ_19 /* Data+SHA256.swift */ = {isa = PBXFileReference; lastKnownFileType = sourcecode.swift; path = "Data+SHA256.swift"; sourceTree = "<group>"; };
		OBJ_20 /* S3Kit.swift */ = {isa = PBXFileReference; lastKnownFileType = sourcecode.swift; path = S3Kit.swift; sourceTree = "<group>"; };
		OBJ_21 /* S3V4Signer.swift */ = {isa = PBXFileReference; lastKnownFileType = sourcecode.swift; path = S3V4Signer.swift; sourceTree = "<group>"; };
		OBJ_24 /* CliOption.swift */ = {isa = PBXFileReference; lastKnownFileType = sourcecode.swift; path = CliOption.swift; sourceTree = "<group>"; };
		OBJ_25 /* CliRunnable.swift */ = {isa = PBXFileReference; lastKnownFileType = sourcecode.swift; path = CliRunnable.swift; sourceTree = "<group>"; };
		OBJ_26 /* Helpable.swift */ = {isa = PBXFileReference; lastKnownFileType = sourcecode.swift; path = Helpable.swift; sourceTree = "<group>"; };
		OBJ_28 /* DockerProcess.swift */ = {isa = PBXFileReference; lastKnownFileType = sourcecode.swift; path = DockerProcess.swift; sourceTree = "<group>"; };
		OBJ_29 /* DockerRunnable.swift */ = {isa = PBXFileReference; lastKnownFileType = sourcecode.swift; path = DockerRunnable.swift; sourceTree = "<group>"; };
		OBJ_31 /* ProcessRunner.swift */ = {isa = PBXFileReference; lastKnownFileType = sourcecode.swift; path = ProcessRunner.swift; sourceTree = "<group>"; };
		OBJ_33 /* ProcessRunner.framework */ = {isa = PBXFileReference; explicitFileType = wrapper.framework; path = ProcessRunner.framework; sourceTree = BUILT_PRODUCTS_DIR; };
		OBJ_34 /* DockerProcess.framework */ = {isa = PBXFileReference; explicitFileType = wrapper.framework; path = DockerProcess.framework; sourceTree = BUILT_PRODUCTS_DIR; };
		OBJ_35 /* CliRunnable.framework */ = {isa = PBXFileReference; explicitFileType = wrapper.framework; path = CliRunnable.framework; sourceTree = BUILT_PRODUCTS_DIR; };
		OBJ_36 /* S3Kit.framework */ = {isa = PBXFileReference; explicitFileType = wrapper.framework; path = S3Kit.framework; sourceTree = BUILT_PRODUCTS_DIR; };
		OBJ_37 /* XcodeHelperKit.framework */ = {isa = PBXFileReference; explicitFileType = wrapper.framework; path = XcodeHelperKit.framework; sourceTree = BUILT_PRODUCTS_DIR; };
		OBJ_38 /* XcodeHelperKitTests.xctest */ = {isa = PBXFileReference; lastKnownFileType = file; path = XcodeHelperKitTests.xctest; sourceTree = BUILT_PRODUCTS_DIR; };
		OBJ_6 /* Package.swift */ = {isa = PBXFileReference; explicitFileType = sourcecode.swift; path = Package.swift; sourceTree = "<group>"; };
		OBJ_8 /* XcodeHelpable.swift */ = {isa = PBXFileReference; lastKnownFileType = sourcecode.swift; path = XcodeHelpable.swift; sourceTree = "<group>"; };
		OBJ_9 /* XcodeHelper.swift */ = {isa = PBXFileReference; lastKnownFileType = sourcecode.swift; path = XcodeHelper.swift; sourceTree = "<group>"; };
/* End PBXFileReference section */

/* Begin PBXFrameworksBuildPhase section */
		OBJ_100 /* Frameworks */ = {
			isa = PBXFrameworksBuildPhase;
			buildActionMask = 0;
			files = (
				OBJ_101 /* ProcessRunner.framework in Frameworks */,
				OBJ_102 /* DockerProcess.framework in Frameworks */,
				OBJ_103 /* CliRunnable.framework in Frameworks */,
				OBJ_104 /* S3Kit.framework in Frameworks */,
				OBJ_105 /* XcodeHelperKit.framework in Frameworks */,
			);
			runOnlyForDeploymentPostprocessing = 0;
		};
		OBJ_45 /* Frameworks */ = {
			isa = PBXFrameworksBuildPhase;
			buildActionMask = 0;
			files = (
			);
			runOnlyForDeploymentPostprocessing = 0;
		};
		OBJ_53 /* Frameworks */ = {
			isa = PBXFrameworksBuildPhase;
			buildActionMask = 0;
			files = (
				OBJ_54 /* ProcessRunner.framework in Frameworks */,
			);
			runOnlyForDeploymentPostprocessing = 0;
		};
		OBJ_64 /* Frameworks */ = {
			isa = PBXFrameworksBuildPhase;
			buildActionMask = 0;
			files = (
			);
			runOnlyForDeploymentPostprocessing = 0;
		};
		OBJ_73 /* Frameworks */ = {
			isa = PBXFrameworksBuildPhase;
			buildActionMask = 0;
			files = (
			);
			runOnlyForDeploymentPostprocessing = 0;
		};
		OBJ_81 /* Frameworks */ = {
			isa = PBXFrameworksBuildPhase;
			buildActionMask = 0;
			files = (
				OBJ_82 /* ProcessRunner.framework in Frameworks */,
				OBJ_83 /* DockerProcess.framework in Frameworks */,
				OBJ_84 /* CliRunnable.framework in Frameworks */,
				OBJ_85 /* S3Kit.framework in Frameworks */,
			);
			runOnlyForDeploymentPostprocessing = 0;
		};
/* End PBXFrameworksBuildPhase section */

/* Begin PBXGroup section */
		OBJ_10 /* Tests */ = {
			isa = PBXGroup;
			children = (
				OBJ_11 /* XcodeHelperKitTests */,
			);
			name = Tests;
			sourceTree = SOURCE_ROOT;
		};
		OBJ_11 /* XcodeHelperKitTests */ = {
			isa = PBXGroup;
			children = (
				OBJ_12 /* BuildConfigurationTests.swift */,
				OBJ_13 /* DockerRunnableFixture.swift */,
				OBJ_14 /* GitTagComponentTests.swift */,
				OBJ_15 /* ProcessRunnableFixture.swift */,
				OBJ_16 /* XcodeHelperKitTests.swift */,
			);
			name = XcodeHelperKitTests;
			path = Tests/XcodeHelperKitTests;
			sourceTree = SOURCE_ROOT;
		};
		OBJ_17 /* Dependencies */ = {
			isa = PBXGroup;
			children = (
				OBJ_18 /* S3Kit 1.0.11 */,
				OBJ_22 /* CCommonCrypto 1.0.5 */,
				OBJ_23 /* CliRunnable 1.0.26 */,
				OBJ_27 /* DockerProcess 1.0.18 */,
				OBJ_30 /* ProcessRunner 1.0.3 */,
			);
			name = Dependencies;
			sourceTree = "<group>";
		};
		OBJ_18 /* S3Kit 1.0.11 */ = {
			isa = PBXGroup;
			children = (
				OBJ_19 /* Data+SHA256.swift */,
				OBJ_20 /* S3Kit.swift */,
				OBJ_21 /* S3V4Signer.swift */,
			);
			name = "S3Kit 1.0.11";
			path = ".build/checkouts/S3Kit.git-6368272924507444990/Sources";
			sourceTree = SOURCE_ROOT;
		};
		OBJ_22 /* CCommonCrypto 1.0.5 */ = {
			isa = PBXGroup;
			children = (
			);
			name = "CCommonCrypto 1.0.5";
			path = ".build/checkouts/CCommonCrypto.git-8674795224926044487";
			sourceTree = SOURCE_ROOT;
		};
		OBJ_23 /* CliRunnable 1.0.26 */ = {
			isa = PBXGroup;
			children = (
				OBJ_24 /* CliOption.swift */,
				OBJ_25 /* CliRunnable.swift */,
				OBJ_26 /* Helpable.swift */,
			);
			name = "CliRunnable 1.0.26";
			path = ".build/checkouts/CliRunnable.git--2622899259561036121/Sources";
			sourceTree = SOURCE_ROOT;
		};
		OBJ_27 /* DockerProcess 1.0.18 */ = {
			isa = PBXGroup;
			children = (
				OBJ_28 /* DockerProcess.swift */,
				OBJ_29 /* DockerRunnable.swift */,
			);
			name = "DockerProcess 1.0.18";
			path = ".build/checkouts/DockerProcess.git--6868091524539117999/Sources";
			sourceTree = SOURCE_ROOT;
		};
		OBJ_30 /* ProcessRunner 1.0.3 */ = {
			isa = PBXGroup;
			children = (
				OBJ_31 /* ProcessRunner.swift */,
			);
			name = "ProcessRunner 1.0.3";
			path = ".build/checkouts/ProcessRunner.git-7587831595904724403/Sources";
			sourceTree = SOURCE_ROOT;
		};
		OBJ_32 /* Products */ = {
			isa = PBXGroup;
			children = (
				OBJ_33 /* ProcessRunner.framework */,
				OBJ_34 /* DockerProcess.framework */,
				OBJ_35 /* CliRunnable.framework */,
				OBJ_36 /* S3Kit.framework */,
				OBJ_37 /* XcodeHelperKit.framework */,
				OBJ_38 /* XcodeHelperKitTests.xctest */,
			);
			name = Products;
			sourceTree = BUILT_PRODUCTS_DIR;
		};
		OBJ_5 /*  */ = {
			isa = PBXGroup;
			children = (
				OBJ_6 /* Package.swift */,
				OBJ_7 /* Sources */,
				OBJ_10 /* Tests */,
				OBJ_17 /* Dependencies */,
				OBJ_32 /* Products */,
			);
			name = "";
			sourceTree = "<group>";
		};
		OBJ_7 /* Sources */ = {
			isa = PBXGroup;
			children = (
				OBJ_8 /* XcodeHelpable.swift */,
				OBJ_9 /* XcodeHelper.swift */,
			);
			path = Sources;
			sourceTree = SOURCE_ROOT;
		};
/* End PBXGroup section */

/* Begin PBXNativeTarget section */
		OBJ_39 /* ProcessRunner */ = {
			isa = PBXNativeTarget;
			buildConfigurationList = OBJ_40 /* Build configuration list for PBXNativeTarget "ProcessRunner" */;
			buildPhases = (
				OBJ_43 /* Sources */,
				OBJ_45 /* Frameworks */,
			);
			buildRules = (
			);
			dependencies = (
			);
			name = ProcessRunner;
			productName = ProcessRunner;
			productReference = OBJ_33 /* ProcessRunner.framework */;
			productType = "com.apple.product-type.framework";
		};
		OBJ_46 /* DockerProcess */ = {
			isa = PBXNativeTarget;
			buildConfigurationList = OBJ_47 /* Build configuration list for PBXNativeTarget "DockerProcess" */;
			buildPhases = (
				OBJ_50 /* Sources */,
				OBJ_53 /* Frameworks */,
			);
			buildRules = (
			);
			dependencies = (
				OBJ_55 /* PBXTargetDependency */,
			);
			name = DockerProcess;
			productName = DockerProcess;
			productReference = OBJ_34 /* DockerProcess.framework */;
			productType = "com.apple.product-type.framework";
		};
		OBJ_56 /* CliRunnable */ = {
			isa = PBXNativeTarget;
			buildConfigurationList = OBJ_57 /* Build configuration list for PBXNativeTarget "CliRunnable" */;
			buildPhases = (
				OBJ_60 /* Sources */,
				OBJ_64 /* Frameworks */,
			);
			buildRules = (
			);
			dependencies = (
			);
			name = CliRunnable;
			productName = CliRunnable;
			productReference = OBJ_35 /* CliRunnable.framework */;
			productType = "com.apple.product-type.framework";
		};
		OBJ_65 /* S3Kit */ = {
			isa = PBXNativeTarget;
			buildConfigurationList = OBJ_66 /* Build configuration list for PBXNativeTarget "S3Kit" */;
			buildPhases = (
				OBJ_69 /* Sources */,
				OBJ_73 /* Frameworks */,
			);
			buildRules = (
			);
			dependencies = (
			);
			name = S3Kit;
			productName = S3Kit;
			productReference = OBJ_36 /* S3Kit.framework */;
			productType = "com.apple.product-type.framework";
		};
		OBJ_74 /* XcodeHelperKit */ = {
			isa = PBXNativeTarget;
			buildConfigurationList = OBJ_75 /* Build configuration list for PBXNativeTarget "XcodeHelperKit" */;
			buildPhases = (
				OBJ_78 /* Sources */,
				OBJ_81 /* Frameworks */,
			);
			buildRules = (
			);
			dependencies = (
				OBJ_86 /* PBXTargetDependency */,
				OBJ_87 /* PBXTargetDependency */,
				OBJ_88 /* PBXTargetDependency */,
				OBJ_89 /* PBXTargetDependency */,
			);
			name = XcodeHelperKit;
			productName = XcodeHelperKit;
			productReference = OBJ_37 /* XcodeHelperKit.framework */;
			productType = "com.apple.product-type.framework";
		};
		OBJ_90 /* XcodeHelperKitTests */ = {
			isa = PBXNativeTarget;
			buildConfigurationList = OBJ_91 /* Build configuration list for PBXNativeTarget "XcodeHelperKitTests" */;
			buildPhases = (
				OBJ_94 /* Sources */,
				OBJ_100 /* Frameworks */,
			);
			buildRules = (
			);
			dependencies = (
				OBJ_106 /* PBXTargetDependency */,
				OBJ_107 /* PBXTargetDependency */,
				OBJ_108 /* PBXTargetDependency */,
				OBJ_109 /* PBXTargetDependency */,
				OBJ_110 /* PBXTargetDependency */,
			);
			name = XcodeHelperKitTests;
			productName = XcodeHelperKitTests;
			productReference = OBJ_38 /* XcodeHelperKitTests.xctest */;
			productType = "com.apple.product-type.bundle.unit-test";
		};
/* End PBXNativeTarget section */

/* Begin PBXProject section */
		OBJ_1 /* Project object */ = {
			isa = PBXProject;
			attributes = {
				LastUpgradeCheck = 9999;
			};
			buildConfigurationList = OBJ_2 /* Build configuration list for PBXProject "XcodeHelperKit" */;
			compatibilityVersion = "Xcode 3.2";
			developmentRegion = English;
			hasScannedForEncodings = 0;
			knownRegions = (
				en,
			);
			mainGroup = OBJ_5 /*  */;
			productRefGroup = OBJ_32 /* Products */;
			projectDirPath = "";
			projectRoot = "";
			targets = (
				OBJ_39 /* ProcessRunner */,
				OBJ_46 /* DockerProcess */,
				OBJ_56 /* CliRunnable */,
				OBJ_65 /* S3Kit */,
				OBJ_74 /* XcodeHelperKit */,
				OBJ_90 /* XcodeHelperKitTests */,
			);
		};
/* End PBXProject section */

/* Begin PBXSourcesBuildPhase section */
		OBJ_43 /* Sources */ = {
			isa = PBXSourcesBuildPhase;
			buildActionMask = 0;
			files = (
				OBJ_44 /* ProcessRunner.swift in Sources */,
			);
			runOnlyForDeploymentPostprocessing = 0;
		};
		OBJ_50 /* Sources */ = {
			isa = PBXSourcesBuildPhase;
			buildActionMask = 0;
			files = (
				OBJ_51 /* DockerProcess.swift in Sources */,
				OBJ_52 /* DockerRunnable.swift in Sources */,
			);
			runOnlyForDeploymentPostprocessing = 0;
		};
		OBJ_60 /* Sources */ = {
			isa = PBXSourcesBuildPhase;
			buildActionMask = 0;
			files = (
				OBJ_61 /* CliOption.swift in Sources */,
				OBJ_62 /* CliRunnable.swift in Sources */,
				OBJ_63 /* Helpable.swift in Sources */,
			);
			runOnlyForDeploymentPostprocessing = 0;
		};
		OBJ_69 /* Sources */ = {
			isa = PBXSourcesBuildPhase;
			buildActionMask = 0;
			files = (
				OBJ_70 /* Data+SHA256.swift in Sources */,
				OBJ_71 /* S3Kit.swift in Sources */,
				OBJ_72 /* S3V4Signer.swift in Sources */,
			);
			runOnlyForDeploymentPostprocessing = 0;
		};
		OBJ_78 /* Sources */ = {
			isa = PBXSourcesBuildPhase;
			buildActionMask = 0;
			files = (
				OBJ_79 /* XcodeHelpable.swift in Sources */,
				OBJ_80 /* XcodeHelper.swift in Sources */,
			);
			runOnlyForDeploymentPostprocessing = 0;
		};
		OBJ_94 /* Sources */ = {
			isa = PBXSourcesBuildPhase;
			buildActionMask = 0;
			files = (
				OBJ_95 /* BuildConfigurationTests.swift in Sources */,
				OBJ_96 /* DockerRunnableFixture.swift in Sources */,
				OBJ_97 /* GitTagComponentTests.swift in Sources */,
				OBJ_98 /* ProcessRunnableFixture.swift in Sources */,
				OBJ_99 /* XcodeHelperKitTests.swift in Sources */,
			);
			runOnlyForDeploymentPostprocessing = 0;
		};
/* End PBXSourcesBuildPhase section */

/* Begin PBXTargetDependency section */
		OBJ_106 /* PBXTargetDependency */ = {
			isa = PBXTargetDependency;
			target = OBJ_39 /* ProcessRunner */;
			targetProxy = 3881839F1EC5774000445D55 /* PBXContainerItemProxy */;
		};
		OBJ_107 /* PBXTargetDependency */ = {
			isa = PBXTargetDependency;
			target = OBJ_46 /* DockerProcess */;
			targetProxy = 388183A01EC5774000445D55 /* PBXContainerItemProxy */;
		};
		OBJ_108 /* PBXTargetDependency */ = {
			isa = PBXTargetDependency;
			target = OBJ_56 /* CliRunnable */;
			targetProxy = 388183A11EC5774000445D55 /* PBXContainerItemProxy */;
		};
		OBJ_109 /* PBXTargetDependency */ = {
			isa = PBXTargetDependency;
			target = OBJ_65 /* S3Kit */;
			targetProxy = 388183A21EC5774000445D55 /* PBXContainerItemProxy */;
		};
		OBJ_110 /* PBXTargetDependency */ = {
			isa = PBXTargetDependency;
			target = OBJ_74 /* XcodeHelperKit */;
			targetProxy = 388183A31EC5774000445D55 /* PBXContainerItemProxy */;
		};
		OBJ_55 /* PBXTargetDependency */ = {
			isa = PBXTargetDependency;
			target = OBJ_39 /* ProcessRunner */;
			targetProxy = 3881839A1EC5774000445D55 /* PBXContainerItemProxy */;
		};
		OBJ_86 /* PBXTargetDependency */ = {
			isa = PBXTargetDependency;
			target = OBJ_39 /* ProcessRunner */;
			targetProxy = 3881839B1EC5774000445D55 /* PBXContainerItemProxy */;
		};
		OBJ_87 /* PBXTargetDependency */ = {
			isa = PBXTargetDependency;
			target = OBJ_46 /* DockerProcess */;
			targetProxy = 3881839C1EC5774000445D55 /* PBXContainerItemProxy */;
		};
		OBJ_88 /* PBXTargetDependency */ = {
			isa = PBXTargetDependency;
			target = OBJ_56 /* CliRunnable */;
			targetProxy = 3881839D1EC5774000445D55 /* PBXContainerItemProxy */;
		};
		OBJ_89 /* PBXTargetDependency */ = {
			isa = PBXTargetDependency;
			target = OBJ_65 /* S3Kit */;
			targetProxy = 3881839E1EC5774000445D55 /* PBXContainerItemProxy */;
		};
/* End PBXTargetDependency section */

/* Begin XCBuildConfiguration section */
		OBJ_3 /* Debug */ = {
			isa = XCBuildConfiguration;
			buildSettings = {
				CLANG_ENABLE_OBJC_ARC = YES;
				COMBINE_HIDPI_IMAGES = YES;
				COPY_PHASE_STRIP = NO;
				DEBUG_INFORMATION_FORMAT = dwarf;
				DYLIB_INSTALL_NAME_BASE = "@rpath";
				ENABLE_NS_ASSERTIONS = YES;
				GCC_OPTIMIZATION_LEVEL = 0;
				MACOSX_DEPLOYMENT_TARGET = 10.10;
				ONLY_ACTIVE_ARCH = YES;
				OTHER_SWIFT_FLAGS = "-DXcode";
				PRODUCT_NAME = "$(TARGET_NAME)";
				SDKROOT = macosx;
				SUPPORTED_PLATFORMS = "macosx iphoneos iphonesimulator appletvos appletvsimulator watchos watchsimulator";
				SWIFT_ACTIVE_COMPILATION_CONDITIONS = SWIFT_PACKAGE;
				SWIFT_OPTIMIZATION_LEVEL = "-Onone";
				SWIFT_VERSION = 3.0;
				USE_HEADERMAP = NO;
			};
			name = Debug;
		};
		OBJ_4 /* Release */ = {
			isa = XCBuildConfiguration;
			buildSettings = {
				CLANG_ENABLE_OBJC_ARC = YES;
				COMBINE_HIDPI_IMAGES = YES;
				COPY_PHASE_STRIP = YES;
				DEBUG_INFORMATION_FORMAT = "dwarf-with-dsym";
				DYLIB_INSTALL_NAME_BASE = "@rpath";
				GCC_OPTIMIZATION_LEVEL = s;
				MACOSX_DEPLOYMENT_TARGET = 10.10;
				OTHER_SWIFT_FLAGS = "-DXcode";
				PRODUCT_NAME = "$(TARGET_NAME)";
				SDKROOT = macosx;
				SUPPORTED_PLATFORMS = "macosx iphoneos iphonesimulator appletvos appletvsimulator watchos watchsimulator";
				SWIFT_ACTIVE_COMPILATION_CONDITIONS = SWIFT_PACKAGE;
				SWIFT_OPTIMIZATION_LEVEL = "-Owholemodule";
				SWIFT_VERSION = 3.0;
				USE_HEADERMAP = NO;
			};
			name = Release;
		};
		OBJ_41 /* Debug */ = {
			isa = XCBuildConfiguration;
			buildSettings = {
				ENABLE_TESTABILITY = YES;
				FRAMEWORK_SEARCH_PATHS = (
					"$(inherited)",
					"$(PLATFORM_DIR)/Developer/Library/Frameworks",
				);
				HEADER_SEARCH_PATHS = "$(inherited)";
				INFOPLIST_FILE = XcodeHelperKit.xcodeproj/ProcessRunner_Info.plist;
				LD_RUNPATH_SEARCH_PATHS = "$(TOOLCHAIN_DIR)/usr/lib/swift/macosx";
				OTHER_LDFLAGS = "$(inherited)";
				OTHER_SWIFT_FLAGS = "$(inherited)";
				PRODUCT_BUNDLE_IDENTIFIER = ProcessRunner;
				PRODUCT_MODULE_NAME = "$(TARGET_NAME:c99extidentifier)";
				PRODUCT_NAME = "$(TARGET_NAME:c99extidentifier)";
				SKIP_INSTALL = YES;
				TARGET_NAME = ProcessRunner;
			};
			name = Debug;
		};
		OBJ_42 /* Release */ = {
			isa = XCBuildConfiguration;
			buildSettings = {
				ENABLE_TESTABILITY = YES;
				FRAMEWORK_SEARCH_PATHS = (
					"$(inherited)",
					"$(PLATFORM_DIR)/Developer/Library/Frameworks",
				);
				HEADER_SEARCH_PATHS = "$(inherited)";
				INFOPLIST_FILE = XcodeHelperKit.xcodeproj/ProcessRunner_Info.plist;
				LD_RUNPATH_SEARCH_PATHS = "$(TOOLCHAIN_DIR)/usr/lib/swift/macosx";
				OTHER_LDFLAGS = "$(inherited)";
				OTHER_SWIFT_FLAGS = "$(inherited)";
				PRODUCT_BUNDLE_IDENTIFIER = ProcessRunner;
				PRODUCT_MODULE_NAME = "$(TARGET_NAME:c99extidentifier)";
				PRODUCT_NAME = "$(TARGET_NAME:c99extidentifier)";
				SKIP_INSTALL = YES;
				TARGET_NAME = ProcessRunner;
			};
			name = Release;
		};
		OBJ_48 /* Debug */ = {
			isa = XCBuildConfiguration;
			buildSettings = {
				ENABLE_TESTABILITY = YES;
				FRAMEWORK_SEARCH_PATHS = (
					"$(inherited)",
					"$(PLATFORM_DIR)/Developer/Library/Frameworks",
				);
				HEADER_SEARCH_PATHS = "$(inherited)";
				INFOPLIST_FILE = XcodeHelperKit.xcodeproj/DockerProcess_Info.plist;
				LD_RUNPATH_SEARCH_PATHS = "$(TOOLCHAIN_DIR)/usr/lib/swift/macosx";
				OTHER_LDFLAGS = "$(inherited)";
				OTHER_SWIFT_FLAGS = "$(inherited)";
				PRODUCT_BUNDLE_IDENTIFIER = DockerProcess;
				PRODUCT_MODULE_NAME = "$(TARGET_NAME:c99extidentifier)";
				PRODUCT_NAME = "$(TARGET_NAME:c99extidentifier)";
				SKIP_INSTALL = YES;
				TARGET_NAME = DockerProcess;
			};
			name = Debug;
		};
		OBJ_49 /* Release */ = {
			isa = XCBuildConfiguration;
			buildSettings = {
				ENABLE_TESTABILITY = YES;
				FRAMEWORK_SEARCH_PATHS = (
					"$(inherited)",
					"$(PLATFORM_DIR)/Developer/Library/Frameworks",
				);
				HEADER_SEARCH_PATHS = "$(inherited)";
				INFOPLIST_FILE = XcodeHelperKit.xcodeproj/DockerProcess_Info.plist;
				LD_RUNPATH_SEARCH_PATHS = "$(TOOLCHAIN_DIR)/usr/lib/swift/macosx";
				OTHER_LDFLAGS = "$(inherited)";
				OTHER_SWIFT_FLAGS = "$(inherited)";
				PRODUCT_BUNDLE_IDENTIFIER = DockerProcess;
				PRODUCT_MODULE_NAME = "$(TARGET_NAME:c99extidentifier)";
				PRODUCT_NAME = "$(TARGET_NAME:c99extidentifier)";
				SKIP_INSTALL = YES;
				TARGET_NAME = DockerProcess;
			};
			name = Release;
		};
		OBJ_58 /* Debug */ = {
			isa = XCBuildConfiguration;
			buildSettings = {
				ENABLE_TESTABILITY = YES;
				FRAMEWORK_SEARCH_PATHS = (
					"$(inherited)",
					"$(PLATFORM_DIR)/Developer/Library/Frameworks",
				);
				HEADER_SEARCH_PATHS = "$(inherited)";
				INFOPLIST_FILE = XcodeHelperKit.xcodeproj/CliRunnable_Info.plist;
				LD_RUNPATH_SEARCH_PATHS = "$(TOOLCHAIN_DIR)/usr/lib/swift/macosx";
				OTHER_LDFLAGS = "$(inherited)";
				OTHER_SWIFT_FLAGS = "$(inherited)";
				PRODUCT_BUNDLE_IDENTIFIER = CliRunnable;
				PRODUCT_MODULE_NAME = "$(TARGET_NAME:c99extidentifier)";
				PRODUCT_NAME = "$(TARGET_NAME:c99extidentifier)";
				SKIP_INSTALL = YES;
				TARGET_NAME = CliRunnable;
			};
			name = Debug;
		};
		OBJ_59 /* Release */ = {
			isa = XCBuildConfiguration;
			buildSettings = {
				ENABLE_TESTABILITY = YES;
				FRAMEWORK_SEARCH_PATHS = (
					"$(inherited)",
					"$(PLATFORM_DIR)/Developer/Library/Frameworks",
				);
				HEADER_SEARCH_PATHS = "$(inherited)";
				INFOPLIST_FILE = XcodeHelperKit.xcodeproj/CliRunnable_Info.plist;
				LD_RUNPATH_SEARCH_PATHS = "$(TOOLCHAIN_DIR)/usr/lib/swift/macosx";
				OTHER_LDFLAGS = "$(inherited)";
				OTHER_SWIFT_FLAGS = "$(inherited)";
				PRODUCT_BUNDLE_IDENTIFIER = CliRunnable;
				PRODUCT_MODULE_NAME = "$(TARGET_NAME:c99extidentifier)";
				PRODUCT_NAME = "$(TARGET_NAME:c99extidentifier)";
				SKIP_INSTALL = YES;
				TARGET_NAME = CliRunnable;
			};
			name = Release;
		};
		OBJ_67 /* Debug */ = {
			isa = XCBuildConfiguration;
			buildSettings = {
				ENABLE_TESTABILITY = YES;
				FRAMEWORK_SEARCH_PATHS = (
					"$(inherited)",
					"$(PLATFORM_DIR)/Developer/Library/Frameworks",
				);
				HEADER_SEARCH_PATHS = (
					"$(inherited)",
					"$(SRCROOT)/.build/checkouts/CCommonCrypto.git-8674795224926044487",
				);
				INFOPLIST_FILE = XcodeHelperKit.xcodeproj/S3Kit_Info.plist;
				LD_RUNPATH_SEARCH_PATHS = "$(TOOLCHAIN_DIR)/usr/lib/swift/macosx";
				OTHER_LDFLAGS = "$(inherited)";
				OTHER_SWIFT_FLAGS = "$(inherited)";
				PRODUCT_BUNDLE_IDENTIFIER = S3Kit;
				PRODUCT_MODULE_NAME = "$(TARGET_NAME:c99extidentifier)";
				PRODUCT_NAME = "$(TARGET_NAME:c99extidentifier)";
				SKIP_INSTALL = YES;
				TARGET_NAME = S3Kit;
			};
			name = Debug;
		};
		OBJ_68 /* Release */ = {
			isa = XCBuildConfiguration;
			buildSettings = {
				ENABLE_TESTABILITY = YES;
				FRAMEWORK_SEARCH_PATHS = (
					"$(inherited)",
					"$(PLATFORM_DIR)/Developer/Library/Frameworks",
				);
				HEADER_SEARCH_PATHS = (
					"$(inherited)",
					"$(SRCROOT)/.build/checkouts/CCommonCrypto.git-8674795224926044487",
				);
				INFOPLIST_FILE = XcodeHelperKit.xcodeproj/S3Kit_Info.plist;
				LD_RUNPATH_SEARCH_PATHS = "$(TOOLCHAIN_DIR)/usr/lib/swift/macosx";
				OTHER_LDFLAGS = "$(inherited)";
				OTHER_SWIFT_FLAGS = "$(inherited)";
				PRODUCT_BUNDLE_IDENTIFIER = S3Kit;
				PRODUCT_MODULE_NAME = "$(TARGET_NAME:c99extidentifier)";
				PRODUCT_NAME = "$(TARGET_NAME:c99extidentifier)";
				SKIP_INSTALL = YES;
				TARGET_NAME = S3Kit;
			};
			name = Release;
		};
		OBJ_76 /* Debug */ = {
			isa = XCBuildConfiguration;
			buildSettings = {
				ENABLE_TESTABILITY = YES;
				FRAMEWORK_SEARCH_PATHS = (
					"$(inherited)",
					"$(PLATFORM_DIR)/Developer/Library/Frameworks",
				);
				HEADER_SEARCH_PATHS = (
					"$(inherited)",
					"$(SRCROOT)/.build/checkouts/CCommonCrypto.git-8674795224926044487",
				);
				INFOPLIST_FILE = XcodeHelperKit.xcodeproj/XcodeHelperKit_Info.plist;
				LD_RUNPATH_SEARCH_PATHS = "$(TOOLCHAIN_DIR)/usr/lib/swift/macosx";
				OTHER_LDFLAGS = "$(inherited)";
				OTHER_SWIFT_FLAGS = "$(inherited)";
				PRODUCT_BUNDLE_IDENTIFIER = XcodeHelperKit;
				PRODUCT_MODULE_NAME = "$(TARGET_NAME:c99extidentifier)";
				PRODUCT_NAME = "$(TARGET_NAME:c99extidentifier)";
				SKIP_INSTALL = YES;
				TARGET_NAME = XcodeHelperKit;
			};
			name = Debug;
		};
		OBJ_77 /* Release */ = {
			isa = XCBuildConfiguration;
			buildSettings = {
				ENABLE_TESTABILITY = YES;
				FRAMEWORK_SEARCH_PATHS = (
					"$(inherited)",
					"$(PLATFORM_DIR)/Developer/Library/Frameworks",
				);
				HEADER_SEARCH_PATHS = (
					"$(inherited)",
					"$(SRCROOT)/.build/checkouts/CCommonCrypto.git-8674795224926044487",
				);
				INFOPLIST_FILE = XcodeHelperKit.xcodeproj/XcodeHelperKit_Info.plist;
				LD_RUNPATH_SEARCH_PATHS = "$(TOOLCHAIN_DIR)/usr/lib/swift/macosx";
				OTHER_LDFLAGS = "$(inherited)";
				OTHER_SWIFT_FLAGS = "$(inherited)";
				PRODUCT_BUNDLE_IDENTIFIER = XcodeHelperKit;
				PRODUCT_MODULE_NAME = "$(TARGET_NAME:c99extidentifier)";
				PRODUCT_NAME = "$(TARGET_NAME:c99extidentifier)";
				SKIP_INSTALL = YES;
				TARGET_NAME = XcodeHelperKit;
			};
			name = Release;
		};
		OBJ_92 /* Debug */ = {
			isa = XCBuildConfiguration;
			buildSettings = {
				EMBEDDED_CONTENT_CONTAINS_SWIFT = YES;
				FRAMEWORK_SEARCH_PATHS = (
					"$(inherited)",
					"$(PLATFORM_DIR)/Developer/Library/Frameworks",
				);
				HEADER_SEARCH_PATHS = (
					"$(inherited)",
					"$(SRCROOT)/.build/checkouts/CCommonCrypto.git-8674795224926044487",
				);
				INFOPLIST_FILE = XcodeHelperKit.xcodeproj/XcodeHelperKitTests_Info.plist;
				LD_RUNPATH_SEARCH_PATHS = "@loader_path/../Frameworks @loader_path/Frameworks";
				OTHER_LDFLAGS = "$(inherited)";
				OTHER_SWIFT_FLAGS = "$(inherited)";
				TARGET_NAME = XcodeHelperKitTests;
			};
			name = Debug;
		};
		OBJ_93 /* Release */ = {
			isa = XCBuildConfiguration;
			buildSettings = {
				EMBEDDED_CONTENT_CONTAINS_SWIFT = YES;
				FRAMEWORK_SEARCH_PATHS = (
					"$(inherited)",
					"$(PLATFORM_DIR)/Developer/Library/Frameworks",
				);
				HEADER_SEARCH_PATHS = (
					"$(inherited)",
					"$(SRCROOT)/.build/checkouts/CCommonCrypto.git-8674795224926044487",
				);
				INFOPLIST_FILE = XcodeHelperKit.xcodeproj/XcodeHelperKitTests_Info.plist;
				LD_RUNPATH_SEARCH_PATHS = "@loader_path/../Frameworks @loader_path/Frameworks";
				OTHER_LDFLAGS = "$(inherited)";
				OTHER_SWIFT_FLAGS = "$(inherited)";
				TARGET_NAME = XcodeHelperKitTests;
			};
			name = Release;
		};
/* End XCBuildConfiguration section */

/* Begin XCConfigurationList section */
		OBJ_2 /* Build configuration list for PBXProject "XcodeHelperKit" */ = {
			isa = XCConfigurationList;
			buildConfigurations = (
				OBJ_3 /* Debug */,
				OBJ_4 /* Release */,
			);
			defaultConfigurationIsVisible = 0;
			defaultConfigurationName = Debug;
		};
		OBJ_40 /* Build configuration list for PBXNativeTarget "ProcessRunner" */ = {
			isa = XCConfigurationList;
			buildConfigurations = (
				OBJ_41 /* Debug */,
				OBJ_42 /* Release */,
			);
			defaultConfigurationIsVisible = 0;
			defaultConfigurationName = Debug;
		};
		OBJ_47 /* Build configuration list for PBXNativeTarget "DockerProcess" */ = {
			isa = XCConfigurationList;
			buildConfigurations = (
				OBJ_48 /* Debug */,
				OBJ_49 /* Release */,
			);
			defaultConfigurationIsVisible = 0;
			defaultConfigurationName = Debug;
		};
		OBJ_57 /* Build configuration list for PBXNativeTarget "CliRunnable" */ = {
			isa = XCConfigurationList;
			buildConfigurations = (
				OBJ_58 /* Debug */,
				OBJ_59 /* Release */,
			);
			defaultConfigurationIsVisible = 0;
			defaultConfigurationName = Debug;
		};
		OBJ_66 /* Build configuration list for PBXNativeTarget "S3Kit" */ = {
			isa = XCConfigurationList;
			buildConfigurations = (
				OBJ_67 /* Debug */,
				OBJ_68 /* Release */,
			);
			defaultConfigurationIsVisible = 0;
			defaultConfigurationName = Debug;
		};
		OBJ_75 /* Build configuration list for PBXNativeTarget "XcodeHelperKit" */ = {
			isa = XCConfigurationList;
			buildConfigurations = (
				OBJ_76 /* Debug */,
				OBJ_77 /* Release */,
			);
			defaultConfigurationIsVisible = 0;
			defaultConfigurationName = Debug;
		};
		OBJ_91 /* Build configuration list for PBXNativeTarget "XcodeHelperKitTests" */ = {
			isa = XCConfigurationList;
			buildConfigurations = (
				OBJ_92 /* Debug */,
				OBJ_93 /* Release */,
			);
			defaultConfigurationIsVisible = 0;
			defaultConfigurationName = Debug;
		};
/* End XCConfigurationList section */
	};
	rootObject = OBJ_1 /* Project object */;
}
