// !$*UTF8*$!
{
	archiveVersion = 1;
	classes = {
	};
	objectVersion = 46;
	objects = {

/* Begin PBXBuildFile section */
		_LinkFileRef_CliRunnable_via_XcodeHelperKit /* CliRunnable.framework in Frameworks */ = {isa = PBXBuildFile; fileRef = "_____Product_CliRunnable" /* CliRunnable.framework */; };
		_LinkFileRef_CliRunnable_via_XcodeHelperKitTests /* CliRunnable.framework in Frameworks */ = {isa = PBXBuildFile; fileRef = "_____Product_CliRunnable" /* CliRunnable.framework */; };
		_LinkFileRef_CliRunnable_via_xchelper /* CliRunnable.framework in Frameworks */ = {isa = PBXBuildFile; fileRef = "_____Product_CliRunnable" /* CliRunnable.framework */; };
		_LinkFileRef_DockerProcess_via_XcodeHelperKit /* DockerProcess.framework in Frameworks */ = {isa = PBXBuildFile; fileRef = "_____Product_DockerProcess" /* DockerProcess.framework */; };
		_LinkFileRef_DockerProcess_via_XcodeHelperKitTests /* DockerProcess.framework in Frameworks */ = {isa = PBXBuildFile; fileRef = "_____Product_DockerProcess" /* DockerProcess.framework */; };
		_LinkFileRef_DockerProcess_via_xchelper /* DockerProcess.framework in Frameworks */ = {isa = PBXBuildFile; fileRef = "_____Product_DockerProcess" /* DockerProcess.framework */; };
		_LinkFileRef_S3Kit_via_XcodeHelperKit /* S3Kit.framework in Frameworks */ = {isa = PBXBuildFile; fileRef = "_____Product_S3Kit" /* S3Kit.framework */; };
		_LinkFileRef_S3Kit_via_XcodeHelperKitTests /* S3Kit.framework in Frameworks */ = {isa = PBXBuildFile; fileRef = "_____Product_S3Kit" /* S3Kit.framework */; };
		_LinkFileRef_S3Kit_via_xchelper /* S3Kit.framework in Frameworks */ = {isa = PBXBuildFile; fileRef = "_____Product_S3Kit" /* S3Kit.framework */; };
		_LinkFileRef_SynchronousProcess_via_DockerProcess /* SynchronousProcess.framework in Frameworks */ = {isa = PBXBuildFile; fileRef = "_____Product_SynchronousProcess" /* SynchronousProcess.framework */; };
		_LinkFileRef_SynchronousProcess_via_XcodeHelperKit /* SynchronousProcess.framework in Frameworks */ = {isa = PBXBuildFile; fileRef = "_____Product_SynchronousProcess" /* SynchronousProcess.framework */; };
		_LinkFileRef_SynchronousProcess_via_XcodeHelperKitTests /* SynchronousProcess.framework in Frameworks */ = {isa = PBXBuildFile; fileRef = "_____Product_SynchronousProcess" /* SynchronousProcess.framework */; };
		_LinkFileRef_SynchronousProcess_via_xchelper /* SynchronousProcess.framework in Frameworks */ = {isa = PBXBuildFile; fileRef = "_____Product_SynchronousProcess" /* SynchronousProcess.framework */; };
		_LinkFileRef_XcodeHelperKit_via_XcodeHelperKitTests /* XcodeHelperKit.framework in Frameworks */ = {isa = PBXBuildFile; fileRef = "_____Product_XcodeHelperKit" /* XcodeHelperKit.framework */; };
		_LinkFileRef_XcodeHelperKit_via_xchelper /* XcodeHelperKit.framework in Frameworks */ = {isa = PBXBuildFile; fileRef = "_____Product_XcodeHelperKit" /* XcodeHelperKit.framework */; };
		__src_cc_ref_Packages/CliRunnable/Sources/CliOption.swift /* CliOption.swift in Sources */ = {isa = PBXBuildFile; fileRef = __PBXFileRef_Packages/CliRunnable/Sources/CliOption.swift /* CliOption.swift */; };
		__src_cc_ref_Packages/CliRunnable/Sources/CliRunnable.swift /* CliRunnable.swift in Sources */ = {isa = PBXBuildFile; fileRef = __PBXFileRef_Packages/CliRunnable/Sources/CliRunnable.swift /* CliRunnable.swift */; };
		__src_cc_ref_Packages/CliRunnable/Sources/Helpable.swift /* Helpable.swift in Sources */ = {isa = PBXBuildFile; fileRef = __PBXFileRef_Packages/CliRunnable/Sources/Helpable.swift /* Helpable.swift */; };
		__src_cc_ref_Packages/DockerProcess/Sources/DockerForMacProcess.swift /* DockerForMacProcess.swift in Sources */ = {isa = PBXBuildFile; fileRef = __PBXFileRef_Packages/DockerProcess/Sources/DockerForMacProcess.swift /* DockerForMacProcess.swift */; };
		__src_cc_ref_Packages/DockerProcess/Sources/DockerProcess.swift /* DockerProcess.swift in Sources */ = {isa = PBXBuildFile; fileRef = __PBXFileRef_Packages/DockerProcess/Sources/DockerProcess.swift /* DockerProcess.swift */; };
		__src_cc_ref_Packages/DockerProcess/Sources/DockerToolboxProcess.swift /* DockerToolboxProcess.swift in Sources */ = {isa = PBXBuildFile; fileRef = __PBXFileRef_Packages/DockerProcess/Sources/DockerToolboxProcess.swift /* DockerToolboxProcess.swift */; };
		"__src_cc_ref_Packages/S3Kit/Sources/Data+SHA256.swift" /* Data+SHA256.swift in Sources */ = {isa = PBXBuildFile; fileRef = "__PBXFileRef_Packages/S3Kit/Sources/Data+SHA256.swift" /* Data+SHA256.swift */; };
		__src_cc_ref_Packages/S3Kit/Sources/S3.swift /* S3.swift in Sources */ = {isa = PBXBuildFile; fileRef = __PBXFileRef_Packages/S3Kit/Sources/S3.swift /* S3.swift */; };
		__src_cc_ref_Packages/S3Kit/Sources/S3V4Signer.swift /* S3V4Signer.swift in Sources */ = {isa = PBXBuildFile; fileRef = __PBXFileRef_Packages/S3Kit/Sources/S3V4Signer.swift /* S3V4Signer.swift */; };
		__src_cc_ref_Packages/SynchronousProcess/Sources/SynchronousProcess.swift /* SynchronousProcess.swift in Sources */ = {isa = PBXBuildFile; fileRef = __PBXFileRef_Packages/SynchronousProcess/Sources/SynchronousProcess.swift /* SynchronousProcess.swift */; };
		__src_cc_ref_Tests/XcodeHelperKitTests/XcodeHelperTests.swift /* XcodeHelperTests.swift in Sources */ = {isa = PBXBuildFile; fileRef = __PBXFileRef_Tests/XcodeHelperKitTests/XcodeHelperTests.swift /* XcodeHelperTests.swift */; };
		__src_cc_ref_XcodeHelperKit/XcodeHelper.swift /* XcodeHelper.swift in Sources */ = {isa = PBXBuildFile; fileRef = __PBXFileRef_XcodeHelperKit/XcodeHelper.swift /* XcodeHelper.swift */; };
		__src_cc_ref_XcodeHelperKit/XcodeHelperCLI.swift /* XcodeHelperCLI.swift in Sources */ = {isa = PBXBuildFile; fileRef = __PBXFileRef_XcodeHelperKit/XcodeHelperCLI.swift /* XcodeHelperCLI.swift */; };
		__src_cc_ref_xchelper/main.swift /* main.swift in Sources */ = {isa = PBXBuildFile; fileRef = __PBXFileRef_xchelper/main.swift /* main.swift */; };
/* End PBXBuildFile section */

/* Begin PBXContainerItemProxy section */
		386937FE1DA0447800A139CA /* PBXContainerItemProxy */ = {
			isa = PBXContainerItemProxy;
			containerPortal = __RootObject_ /* Project object */;
			proxyType = 1;
			remoteGlobalIDString = "______Target_SynchronousProcess";
			remoteInfo = SynchronousProcess;
		};
		386937FF1DA0447800A139CA /* PBXContainerItemProxy */ = {
			isa = PBXContainerItemProxy;
			containerPortal = __RootObject_ /* Project object */;
			proxyType = 1;
			remoteGlobalIDString = "______Target_DockerProcess";
			remoteInfo = DockerProcess;
		};
		386938001DA0447800A139CA /* PBXContainerItemProxy */ = {
			isa = PBXContainerItemProxy;
			containerPortal = __RootObject_ /* Project object */;
			proxyType = 1;
			remoteGlobalIDString = "______Target_CliRunnable";
			remoteInfo = CliRunnable;
		};
		386938011DA0447800A139CA /* PBXContainerItemProxy */ = {
			isa = PBXContainerItemProxy;
			containerPortal = __RootObject_ /* Project object */;
			proxyType = 1;
			remoteGlobalIDString = "______Target_S3Kit";
			remoteInfo = S3Kit;
		};
		386938021DA0447800A139CA /* PBXContainerItemProxy */ = {
			isa = PBXContainerItemProxy;
			containerPortal = __RootObject_ /* Project object */;
			proxyType = 1;
			remoteGlobalIDString = "______Target_XcodeHelperKit";
			remoteInfo = XcodeHelperKit;
		};
/* End PBXContainerItemProxy section */

/* Begin PBXFileReference section */
		__PBXFileRef_Package.swift /* Package.swift */ = {isa = PBXFileReference; lastKnownFileType = sourcecode.swift; path = Package.swift; sourceTree = "<group>"; };
		__PBXFileRef_Packages/CliRunnable/Sources/CliOption.swift /* CliOption.swift */ = {isa = PBXFileReference; lastKnownFileType = sourcecode.swift; path = CliOption.swift; sourceTree = "<group>"; };
		__PBXFileRef_Packages/CliRunnable/Sources/CliRunnable.swift /* CliRunnable.swift */ = {isa = PBXFileReference; lastKnownFileType = sourcecode.swift; path = CliRunnable.swift; sourceTree = "<group>"; };
		__PBXFileRef_Packages/CliRunnable/Sources/Helpable.swift /* Helpable.swift */ = {isa = PBXFileReference; lastKnownFileType = sourcecode.swift; path = Helpable.swift; sourceTree = "<group>"; };
		__PBXFileRef_Packages/DockerProcess/Sources/DockerForMacProcess.swift /* DockerForMacProcess.swift */ = {isa = PBXFileReference; lastKnownFileType = sourcecode.swift; path = DockerForMacProcess.swift; sourceTree = "<group>"; };
		__PBXFileRef_Packages/DockerProcess/Sources/DockerProcess.swift /* DockerProcess.swift */ = {isa = PBXFileReference; lastKnownFileType = sourcecode.swift; path = DockerProcess.swift; sourceTree = "<group>"; };
		__PBXFileRef_Packages/DockerProcess/Sources/DockerToolboxProcess.swift /* DockerToolboxProcess.swift */ = {isa = PBXFileReference; lastKnownFileType = sourcecode.swift; path = DockerToolboxProcess.swift; sourceTree = "<group>"; };
		"__PBXFileRef_Packages/S3Kit/Sources/Data+SHA256.swift" /* Data+SHA256.swift */ = {isa = PBXFileReference; lastKnownFileType = sourcecode.swift; path = "Data+SHA256.swift"; sourceTree = "<group>"; };
		__PBXFileRef_Packages/S3Kit/Sources/S3.swift /* S3.swift */ = {isa = PBXFileReference; lastKnownFileType = sourcecode.swift; path = S3.swift; sourceTree = "<group>"; };
		__PBXFileRef_Packages/S3Kit/Sources/S3V4Signer.swift /* S3V4Signer.swift */ = {isa = PBXFileReference; lastKnownFileType = sourcecode.swift; path = S3V4Signer.swift; sourceTree = "<group>"; };
		__PBXFileRef_Packages/SynchronousProcess/Sources/SynchronousProcess.swift /* SynchronousProcess.swift */ = {isa = PBXFileReference; lastKnownFileType = sourcecode.swift; path = SynchronousProcess.swift; sourceTree = "<group>"; };
		__PBXFileRef_Tests/XcodeHelperKitTests/XcodeHelperTests.swift /* XcodeHelperTests.swift */ = {isa = PBXFileReference; lastKnownFileType = sourcecode.swift; path = XcodeHelperTests.swift; sourceTree = "<group>"; };
		__PBXFileRef_XcodeHelper.xcodeproj/Configs/Project.xcconfig /* XcodeHelper.xcodeproj/Configs/Project.xcconfig */ = {isa = PBXFileReference; lastKnownFileType = text.xcconfig; path = XcodeHelper.xcodeproj/Configs/Project.xcconfig; sourceTree = "<group>"; };
		__PBXFileRef_XcodeHelperKit/XcodeHelper.swift /* XcodeHelper.swift */ = {isa = PBXFileReference; lastKnownFileType = sourcecode.swift; path = XcodeHelper.swift; sourceTree = "<group>"; };
		__PBXFileRef_XcodeHelperKit/XcodeHelperCLI.swift /* XcodeHelperCLI.swift */ = {isa = PBXFileReference; lastKnownFileType = sourcecode.swift; path = XcodeHelperCLI.swift; sourceTree = "<group>"; };
		__PBXFileRef_xchelper/main.swift /* main.swift */ = {isa = PBXFileReference; lastKnownFileType = sourcecode.swift; path = main.swift; sourceTree = "<group>"; };
		"_____Product_CliRunnable" /* CliRunnable.framework */ = {isa = PBXFileReference; explicitFileType = wrapper.framework; path = CliRunnable.framework; sourceTree = BUILT_PRODUCTS_DIR; };
		"_____Product_DockerProcess" /* DockerProcess.framework */ = {isa = PBXFileReference; explicitFileType = wrapper.framework; path = DockerProcess.framework; sourceTree = BUILT_PRODUCTS_DIR; };
		"_____Product_S3Kit" /* S3Kit.framework */ = {isa = PBXFileReference; explicitFileType = wrapper.framework; path = S3Kit.framework; sourceTree = BUILT_PRODUCTS_DIR; };
		"_____Product_SynchronousProcess" /* SynchronousProcess.framework */ = {isa = PBXFileReference; explicitFileType = wrapper.framework; path = SynchronousProcess.framework; sourceTree = BUILT_PRODUCTS_DIR; };
		"_____Product_XcodeHelperKit" /* XcodeHelperKit.framework */ = {isa = PBXFileReference; explicitFileType = wrapper.framework; path = XcodeHelperKit.framework; sourceTree = BUILT_PRODUCTS_DIR; };
		"_____Product_XcodeHelperKitTests" /* XcodeHelperKitTests.xctest */ = {isa = PBXFileReference; lastKnownFileType = file; path = XcodeHelperKitTests.xctest; sourceTree = BUILT_PRODUCTS_DIR; };
		"_____Product_xchelper" /* xchelper */ = {isa = PBXFileReference; explicitFileType = "compiled.mach-o.executable"; path = xchelper; sourceTree = BUILT_PRODUCTS_DIR; };
/* End PBXFileReference section */

/* Begin PBXFrameworksBuildPhase section */
		"___LinkPhase_CliRunnable" /* Frameworks */ = {
			isa = PBXFrameworksBuildPhase;
			buildActionMask = 0;
			files = (
			);
			runOnlyForDeploymentPostprocessing = 0;
		};
		"___LinkPhase_DockerProcess" /* Frameworks */ = {
			isa = PBXFrameworksBuildPhase;
			buildActionMask = 0;
			files = (
				_LinkFileRef_SynchronousProcess_via_DockerProcess /* SynchronousProcess.framework in Frameworks */,
			);
			runOnlyForDeploymentPostprocessing = 0;
		};
		"___LinkPhase_S3Kit" /* Frameworks */ = {
			isa = PBXFrameworksBuildPhase;
			buildActionMask = 0;
			files = (
			);
			runOnlyForDeploymentPostprocessing = 0;
		};
		"___LinkPhase_SynchronousProcess" /* Frameworks */ = {
			isa = PBXFrameworksBuildPhase;
			buildActionMask = 0;
			files = (
			);
			runOnlyForDeploymentPostprocessing = 0;
		};
		"___LinkPhase_XcodeHelperKit" /* Frameworks */ = {
			isa = PBXFrameworksBuildPhase;
			buildActionMask = 0;
			files = (
				_LinkFileRef_SynchronousProcess_via_XcodeHelperKit /* SynchronousProcess.framework in Frameworks */,
				_LinkFileRef_DockerProcess_via_XcodeHelperKit /* DockerProcess.framework in Frameworks */,
				_LinkFileRef_CliRunnable_via_XcodeHelperKit /* CliRunnable.framework in Frameworks */,
				_LinkFileRef_S3Kit_via_XcodeHelperKit /* S3Kit.framework in Frameworks */,
			);
			runOnlyForDeploymentPostprocessing = 0;
		};
		"___LinkPhase_XcodeHelperKitTests" /* Frameworks */ = {
			isa = PBXFrameworksBuildPhase;
			buildActionMask = 0;
			files = (
				_LinkFileRef_SynchronousProcess_via_XcodeHelperKitTests /* SynchronousProcess.framework in Frameworks */,
				_LinkFileRef_DockerProcess_via_XcodeHelperKitTests /* DockerProcess.framework in Frameworks */,
				_LinkFileRef_CliRunnable_via_XcodeHelperKitTests /* CliRunnable.framework in Frameworks */,
				_LinkFileRef_S3Kit_via_XcodeHelperKitTests /* S3Kit.framework in Frameworks */,
				_LinkFileRef_XcodeHelperKit_via_XcodeHelperKitTests /* XcodeHelperKit.framework in Frameworks */,
			);
			runOnlyForDeploymentPostprocessing = 0;
		};
		"___LinkPhase_xchelper" /* Frameworks */ = {
			isa = PBXFrameworksBuildPhase;
			buildActionMask = 0;
			files = (
				_LinkFileRef_SynchronousProcess_via_xchelper /* SynchronousProcess.framework in Frameworks */,
				_LinkFileRef_DockerProcess_via_xchelper /* DockerProcess.framework in Frameworks */,
				_LinkFileRef_CliRunnable_via_xchelper /* CliRunnable.framework in Frameworks */,
				_LinkFileRef_S3Kit_via_xchelper /* S3Kit.framework in Frameworks */,
				_LinkFileRef_XcodeHelperKit_via_xchelper /* XcodeHelperKit.framework in Frameworks */,
			);
			runOnlyForDeploymentPostprocessing = 0;
		};
/* End PBXFrameworksBuildPhase section */

/* Begin PBXGroup section */
		Dependencies_ /* Dependencies */ = {
			isa = PBXGroup;
			children = (
				"_______Group_SynchronousProcess" /* SynchronousProcess */,
				"_______Group_S3Kit" /* S3Kit */,
				"_______Group_DockerProcess" /* DockerProcess */,
				"_______Group_CliRunnable" /* CliRunnable */,
			);
			name = Dependencies;
			sourceTree = "<group>";
		};
		TestProducts_ /* Tests */ = {
			isa = PBXGroup;
			children = (
				"_____Product_XcodeHelperKitTests" /* XcodeHelperKitTests.xctest */,
			);
			name = Tests;
			sourceTree = "<group>";
		};
		"___RootGroup_" = {
			isa = PBXGroup;
			children = (
				__PBXFileRef_Package.swift /* Package.swift */,
				"_____Configs_" /* Configs */,
				"_____Sources_" /* Sources */,
				Dependencies_ /* Dependencies */,
				"_______Tests_" /* Tests */,
				"____Products_" /* Products */,
			);
			sourceTree = "<group>";
		};
		"____Products_" /* Products */ = {
			isa = PBXGroup;
			children = (
				TestProducts_ /* Tests */,
				"_____Product_SynchronousProcess" /* SynchronousProcess.framework */,
				"_____Product_DockerProcess" /* DockerProcess.framework */,
				"_____Product_CliRunnable" /* CliRunnable.framework */,
				"_____Product_S3Kit" /* S3Kit.framework */,
				"_____Product_xchelper" /* xchelper */,
				"_____Product_XcodeHelperKit" /* XcodeHelperKit.framework */,
			);
			name = Products;
			sourceTree = "<group>";
		};
		"_____Configs_" /* Configs */ = {
			isa = PBXGroup;
			children = (
				__PBXFileRef_XcodeHelper.xcodeproj/Configs/Project.xcconfig /* XcodeHelper.xcodeproj/Configs/Project.xcconfig */,
			);
			name = Configs;
			sourceTree = "<group>";
		};
		"_____Sources_" /* Sources */ = {
			isa = PBXGroup;
			children = (
				"_______Group_xchelper" /* xchelper */,
				"_______Group_XcodeHelperKit" /* XcodeHelperKit */,
			);
			name = Sources;
			sourceTree = "<group>";
		};
		"_______Group_CliRunnable" /* CliRunnable */ = {
			isa = PBXGroup;
			children = (
				__PBXFileRef_Packages/CliRunnable/Sources/CliOption.swift /* CliOption.swift */,
				__PBXFileRef_Packages/CliRunnable/Sources/CliRunnable.swift /* CliRunnable.swift */,
				__PBXFileRef_Packages/CliRunnable/Sources/Helpable.swift /* Helpable.swift */,
			);
			name = CliRunnable;
			path = Packages/CliRunnable/Sources;
			sourceTree = "<group>";
		};
		"_______Group_DockerProcess" /* DockerProcess */ = {
			isa = PBXGroup;
			children = (
				__PBXFileRef_Packages/DockerProcess/Sources/DockerForMacProcess.swift /* DockerForMacProcess.swift */,
				__PBXFileRef_Packages/DockerProcess/Sources/DockerProcess.swift /* DockerProcess.swift */,
				__PBXFileRef_Packages/DockerProcess/Sources/DockerToolboxProcess.swift /* DockerToolboxProcess.swift */,
			);
			name = DockerProcess;
			path = Packages/DockerProcess/Sources;
			sourceTree = "<group>";
		};
		"_______Group_S3Kit" /* S3Kit */ = {
			isa = PBXGroup;
			children = (
				"__PBXFileRef_Packages/S3Kit/Sources/Data+SHA256.swift" /* Data+SHA256.swift */,
				__PBXFileRef_Packages/S3Kit/Sources/S3.swift /* S3.swift */,
				__PBXFileRef_Packages/S3Kit/Sources/S3V4Signer.swift /* S3V4Signer.swift */,
			);
			name = S3Kit;
			path = Packages/S3Kit/Sources;
			sourceTree = "<group>";
		};
		"_______Group_SynchronousProcess" /* SynchronousProcess */ = {
			isa = PBXGroup;
			children = (
				__PBXFileRef_Packages/SynchronousProcess/Sources/SynchronousProcess.swift /* SynchronousProcess.swift */,
			);
			name = SynchronousProcess;
			path = Packages/SynchronousProcess/Sources;
			sourceTree = "<group>";
		};
		"_______Group_XcodeHelperKit" /* XcodeHelperKit */ = {
			isa = PBXGroup;
			children = (
				__PBXFileRef_XcodeHelperKit/XcodeHelper.swift /* XcodeHelper.swift */,
				__PBXFileRef_XcodeHelperKit/XcodeHelperCLI.swift /* XcodeHelperCLI.swift */,
			);
			path = XcodeHelperKit;
			sourceTree = "<group>";
		};
		"_______Group_XcodeHelperKitTests" /* XcodeHelperKitTests */ = {
			isa = PBXGroup;
			children = (
				__PBXFileRef_Tests/XcodeHelperKitTests/XcodeHelperTests.swift /* XcodeHelperTests.swift */,
			);
			name = XcodeHelperKitTests;
			path = Tests/XcodeHelperKitTests;
			sourceTree = "<group>";
		};
		"_______Group_xchelper" /* xchelper */ = {
			isa = PBXGroup;
			children = (
				__PBXFileRef_xchelper/main.swift /* main.swift */,
			);
			path = xchelper;
			sourceTree = "<group>";
		};
		"_______Tests_" /* Tests */ = {
			isa = PBXGroup;
			children = (
				"_______Group_XcodeHelperKitTests" /* XcodeHelperKitTests */,
			);
			name = Tests;
			sourceTree = "<group>";
		};
/* End PBXGroup section */

/* Begin PBXNativeTarget section */
		"______Target_CliRunnable" /* CliRunnable */ = {
			isa = PBXNativeTarget;
			buildConfigurationList = "_______Confs_CliRunnable" /* Build configuration list for PBXNativeTarget "CliRunnable" */;
			buildPhases = (
				CompilePhase_CliRunnable /* Sources */,
				"___LinkPhase_CliRunnable" /* Frameworks */,
			);
			buildRules = (
			);
			dependencies = (
			);
			name = CliRunnable;
			productName = CliRunnable;
			productReference = "_____Product_CliRunnable" /* CliRunnable.framework */;
			productType = "com.apple.product-type.framework";
		};
		"______Target_DockerProcess" /* DockerProcess */ = {
			isa = PBXNativeTarget;
			buildConfigurationList = "_______Confs_DockerProcess" /* Build configuration list for PBXNativeTarget "DockerProcess" */;
			buildPhases = (
				CompilePhase_DockerProcess /* Sources */,
				"___LinkPhase_DockerProcess" /* Frameworks */,
			);
			buildRules = (
			);
			dependencies = (
				__Dependency_SynchronousProcess /* PBXTargetDependency */,
			);
			name = DockerProcess;
			productName = DockerProcess;
			productReference = "_____Product_DockerProcess" /* DockerProcess.framework */;
			productType = "com.apple.product-type.framework";
		};
		"______Target_S3Kit" /* S3Kit */ = {
			isa = PBXNativeTarget;
			buildConfigurationList = "_______Confs_S3Kit" /* Build configuration list for PBXNativeTarget "S3Kit" */;
			buildPhases = (
				CompilePhase_S3Kit /* Sources */,
				"___LinkPhase_S3Kit" /* Frameworks */,
			);
			buildRules = (
			);
			dependencies = (
			);
			name = S3Kit;
			productName = S3Kit;
			productReference = "_____Product_S3Kit" /* S3Kit.framework */;
			productType = "com.apple.product-type.framework";
		};
		"______Target_SynchronousProcess" /* SynchronousProcess */ = {
			isa = PBXNativeTarget;
			buildConfigurationList = "_______Confs_SynchronousProcess" /* Build configuration list for PBXNativeTarget "SynchronousProcess" */;
			buildPhases = (
				CompilePhase_SynchronousProcess /* Sources */,
				"___LinkPhase_SynchronousProcess" /* Frameworks */,
			);
			buildRules = (
			);
			dependencies = (
			);
			name = SynchronousProcess;
			productName = SynchronousProcess;
			productReference = "_____Product_SynchronousProcess" /* SynchronousProcess.framework */;
			productType = "com.apple.product-type.framework";
		};
		"______Target_XcodeHelperKit" /* XcodeHelperKit */ = {
			isa = PBXNativeTarget;
			buildConfigurationList = "_______Confs_XcodeHelperKit" /* Build configuration list for PBXNativeTarget "XcodeHelperKit" */;
			buildPhases = (
				CompilePhase_XcodeHelperKit /* Sources */,
				"___LinkPhase_XcodeHelperKit" /* Frameworks */,
			);
			buildRules = (
			);
			dependencies = (
				__Dependency_SynchronousProcess /* PBXTargetDependency */,
				__Dependency_DockerProcess /* PBXTargetDependency */,
				__Dependency_CliRunnable /* PBXTargetDependency */,
				__Dependency_S3Kit /* PBXTargetDependency */,
			);
			name = XcodeHelperKit;
			productName = XcodeHelperKit;
			productReference = "_____Product_XcodeHelperKit" /* XcodeHelperKit.framework */;
			productType = "com.apple.product-type.framework";
		};
		"______Target_XcodeHelperKitTests" /* XcodeHelperKitTests */ = {
			isa = PBXNativeTarget;
			buildConfigurationList = "_______Confs_XcodeHelperKitTests" /* Build configuration list for PBXNativeTarget "XcodeHelperKitTests" */;
			buildPhases = (
				CompilePhase_XcodeHelperKitTests /* Sources */,
				"___LinkPhase_XcodeHelperKitTests" /* Frameworks */,
			);
			buildRules = (
			);
			dependencies = (
				__Dependency_SynchronousProcess /* PBXTargetDependency */,
				__Dependency_DockerProcess /* PBXTargetDependency */,
				__Dependency_CliRunnable /* PBXTargetDependency */,
				__Dependency_S3Kit /* PBXTargetDependency */,
				__Dependency_XcodeHelperKit /* PBXTargetDependency */,
			);
			name = XcodeHelperKitTests;
			productName = XcodeHelperKitTests;
			productReference = "_____Product_XcodeHelperKitTests" /* XcodeHelperKitTests.xctest */;
			productType = "com.apple.product-type.bundle.unit-test";
		};
		"______Target_xchelper" /* xchelper */ = {
			isa = PBXNativeTarget;
			buildConfigurationList = "_______Confs_xchelper" /* Build configuration list for PBXNativeTarget "xchelper" */;
			buildPhases = (
				CompilePhase_xchelper /* Sources */,
				"___LinkPhase_xchelper" /* Frameworks */,
			);
			buildRules = (
			);
			dependencies = (
				__Dependency_SynchronousProcess /* PBXTargetDependency */,
				__Dependency_DockerProcess /* PBXTargetDependency */,
				__Dependency_CliRunnable /* PBXTargetDependency */,
				__Dependency_S3Kit /* PBXTargetDependency */,
				__Dependency_XcodeHelperKit /* PBXTargetDependency */,
			);
			name = xchelper;
			productName = xchelper;
			productReference = "_____Product_xchelper" /* xchelper */;
			productType = "com.apple.product-type.tool";
		};
/* End PBXNativeTarget section */

/* Begin PBXProject section */
		__RootObject_ /* Project object */ = {
			isa = PBXProject;
			attributes = {
				LastUpgradeCheck = 9999;
			};
			buildConfigurationList = "___RootConfs_" /* Build configuration list for PBXProject "XcodeHelper" */;
			compatibilityVersion = "Xcode 3.2";
			developmentRegion = English;
			hasScannedForEncodings = 0;
			knownRegions = (
				en,
			);
			mainGroup = "___RootGroup_";
			productRefGroup = "____Products_" /* Products */;
			projectDirPath = "";
			projectRoot = "";
			targets = (
				"______Target_SynchronousProcess" /* SynchronousProcess */,
				"______Target_DockerProcess" /* DockerProcess */,
				"______Target_CliRunnable" /* CliRunnable */,
				"______Target_S3Kit" /* S3Kit */,
				"______Target_xchelper" /* xchelper */,
				"______Target_XcodeHelperKit" /* XcodeHelperKit */,
				"______Target_XcodeHelperKitTests" /* XcodeHelperKitTests */,
			);
		};
/* End PBXProject section */

/* Begin PBXSourcesBuildPhase section */
		CompilePhase_CliRunnable /* Sources */ = {
			isa = PBXSourcesBuildPhase;
			buildActionMask = 0;
			files = (
				__src_cc_ref_Packages/CliRunnable/Sources/CliOption.swift /* CliOption.swift in Sources */,
				__src_cc_ref_Packages/CliRunnable/Sources/CliRunnable.swift /* CliRunnable.swift in Sources */,
				__src_cc_ref_Packages/CliRunnable/Sources/Helpable.swift /* Helpable.swift in Sources */,
			);
			runOnlyForDeploymentPostprocessing = 0;
		};
		CompilePhase_DockerProcess /* Sources */ = {
			isa = PBXSourcesBuildPhase;
			buildActionMask = 0;
			files = (
				__src_cc_ref_Packages/DockerProcess/Sources/DockerForMacProcess.swift /* DockerForMacProcess.swift in Sources */,
				__src_cc_ref_Packages/DockerProcess/Sources/DockerProcess.swift /* DockerProcess.swift in Sources */,
				__src_cc_ref_Packages/DockerProcess/Sources/DockerToolboxProcess.swift /* DockerToolboxProcess.swift in Sources */,
			);
			runOnlyForDeploymentPostprocessing = 0;
		};
		CompilePhase_S3Kit /* Sources */ = {
			isa = PBXSourcesBuildPhase;
			buildActionMask = 0;
			files = (
				"__src_cc_ref_Packages/S3Kit/Sources/Data+SHA256.swift" /* Data+SHA256.swift in Sources */,
				__src_cc_ref_Packages/S3Kit/Sources/S3.swift /* S3.swift in Sources */,
				__src_cc_ref_Packages/S3Kit/Sources/S3V4Signer.swift /* S3V4Signer.swift in Sources */,
			);
			runOnlyForDeploymentPostprocessing = 0;
		};
		CompilePhase_SynchronousProcess /* Sources */ = {
			isa = PBXSourcesBuildPhase;
			buildActionMask = 0;
			files = (
				__src_cc_ref_Packages/SynchronousProcess/Sources/SynchronousProcess.swift /* SynchronousProcess.swift in Sources */,
			);
			runOnlyForDeploymentPostprocessing = 0;
		};
		CompilePhase_XcodeHelperKit /* Sources */ = {
			isa = PBXSourcesBuildPhase;
			buildActionMask = 0;
			files = (
				__src_cc_ref_XcodeHelperKit/XcodeHelper.swift /* XcodeHelper.swift in Sources */,
				__src_cc_ref_XcodeHelperKit/XcodeHelperCLI.swift /* XcodeHelperCLI.swift in Sources */,
			);
			runOnlyForDeploymentPostprocessing = 0;
		};
		CompilePhase_XcodeHelperKitTests /* Sources */ = {
			isa = PBXSourcesBuildPhase;
			buildActionMask = 0;
			files = (
				__src_cc_ref_Tests/XcodeHelperKitTests/XcodeHelperTests.swift /* XcodeHelperTests.swift in Sources */,
			);
			runOnlyForDeploymentPostprocessing = 0;
		};
		CompilePhase_xchelper /* Sources */ = {
			isa = PBXSourcesBuildPhase;
			buildActionMask = 0;
			files = (
				__src_cc_ref_xchelper/main.swift /* main.swift in Sources */,
			);
			runOnlyForDeploymentPostprocessing = 0;
		};
/* End PBXSourcesBuildPhase section */

/* Begin PBXTargetDependency section */
		__Dependency_CliRunnable /* PBXTargetDependency */ = {
			isa = PBXTargetDependency;
			target = "______Target_CliRunnable" /* CliRunnable */;
			targetProxy = 386938001DA0447800A139CA /* PBXContainerItemProxy */;
		};
		__Dependency_DockerProcess /* PBXTargetDependency */ = {
			isa = PBXTargetDependency;
			target = "______Target_DockerProcess" /* DockerProcess */;
			targetProxy = 386937FF1DA0447800A139CA /* PBXContainerItemProxy */;
		};
		__Dependency_S3Kit /* PBXTargetDependency */ = {
			isa = PBXTargetDependency;
			target = "______Target_S3Kit" /* S3Kit */;
			targetProxy = 386938011DA0447800A139CA /* PBXContainerItemProxy */;
		};
		__Dependency_SynchronousProcess /* PBXTargetDependency */ = {
			isa = PBXTargetDependency;
			target = "______Target_SynchronousProcess" /* SynchronousProcess */;
			targetProxy = 386937FE1DA0447800A139CA /* PBXContainerItemProxy */;
		};
		__Dependency_XcodeHelperKit /* PBXTargetDependency */ = {
			isa = PBXTargetDependency;
			target = "______Target_XcodeHelperKit" /* XcodeHelperKit */;
			targetProxy = 386938021DA0447800A139CA /* PBXContainerItemProxy */;
		};
/* End PBXTargetDependency section */

/* Begin XCBuildConfiguration section */
		_ReleaseConf_CliRunnable /* Release */ = {
			isa = XCBuildConfiguration;
			buildSettings = {
				ENABLE_TESTABILITY = YES;
				FRAMEWORK_SEARCH_PATHS = "$(PLATFORM_DIR)/Developer/Library/Frameworks";
				INFOPLIST_FILE = XcodeHelper.xcodeproj/CliRunnable_Info.plist;
				LD_RUNPATH_SEARCH_PATHS = "$(TOOLCHAIN_DIR)/usr/lib/swift/macosx";
				OTHER_LDFLAGS = "$(inherited)";
				OTHER_SWIFT_FLAGS = "$(inherited)";
				PRODUCT_BUNDLE_IDENTIFIER = CliRunnable;
				PRODUCT_MODULE_NAME = "$(TARGET_NAME:c99extidentifier)";
				PRODUCT_NAME = "$(TARGET_NAME:c99extidentifier)";
				SWIFT_VERSION = 3.0;
			};
			name = Release;
		};
		_ReleaseConf_DockerProcess /* Release */ = {
			isa = XCBuildConfiguration;
			buildSettings = {
				ENABLE_TESTABILITY = YES;
				FRAMEWORK_SEARCH_PATHS = "$(PLATFORM_DIR)/Developer/Library/Frameworks";
				INFOPLIST_FILE = XcodeHelper.xcodeproj/DockerProcess_Info.plist;
				LD_RUNPATH_SEARCH_PATHS = "$(TOOLCHAIN_DIR)/usr/lib/swift/macosx";
				OTHER_LDFLAGS = "$(inherited)";
				OTHER_SWIFT_FLAGS = "$(inherited)";
				PRODUCT_BUNDLE_IDENTIFIER = DockerProcess;
				PRODUCT_MODULE_NAME = "$(TARGET_NAME:c99extidentifier)";
				PRODUCT_NAME = "$(TARGET_NAME:c99extidentifier)";
				SWIFT_VERSION = 3.0;
			};
			name = Release;
		};
		_ReleaseConf_S3Kit /* Release */ = {
			isa = XCBuildConfiguration;
			buildSettings = {
				ENABLE_TESTABILITY = YES;
				FRAMEWORK_SEARCH_PATHS = "$(PLATFORM_DIR)/Developer/Library/Frameworks";
				HEADER_SEARCH_PATHS = /Users/joelsaltzman/Sites/XcodeHelper/Packages/CCommonCrypto;
				INFOPLIST_FILE = XcodeHelper.xcodeproj/S3Kit_Info.plist;
				LD_RUNPATH_SEARCH_PATHS = "$(TOOLCHAIN_DIR)/usr/lib/swift/macosx";
				OTHER_LDFLAGS = "$(inherited)";
				OTHER_SWIFT_FLAGS = "$(inherited)";
				PRODUCT_BUNDLE_IDENTIFIER = S3Kit;
				PRODUCT_MODULE_NAME = "$(TARGET_NAME:c99extidentifier)";
				PRODUCT_NAME = "$(TARGET_NAME:c99extidentifier)";
				SWIFT_VERSION = 3.0;
			};
			name = Release;
		};
		_ReleaseConf_SynchronousProcess /* Release */ = {
			isa = XCBuildConfiguration;
			buildSettings = {
				ENABLE_TESTABILITY = YES;
				FRAMEWORK_SEARCH_PATHS = "$(PLATFORM_DIR)/Developer/Library/Frameworks";
				INFOPLIST_FILE = XcodeHelper.xcodeproj/SynchronousProcess_Info.plist;
				LD_RUNPATH_SEARCH_PATHS = "$(TOOLCHAIN_DIR)/usr/lib/swift/macosx";
				OTHER_LDFLAGS = "$(inherited)";
				OTHER_SWIFT_FLAGS = "$(inherited)";
				PRODUCT_BUNDLE_IDENTIFIER = SynchronousProcess;
				PRODUCT_MODULE_NAME = "$(TARGET_NAME:c99extidentifier)";
				PRODUCT_NAME = "$(TARGET_NAME:c99extidentifier)";
				SWIFT_VERSION = 3.0;
			};
			name = Release;
		};
		_ReleaseConf_XcodeHelperKit /* Release */ = {
			isa = XCBuildConfiguration;
			buildSettings = {
				ENABLE_TESTABILITY = YES;
				FRAMEWORK_SEARCH_PATHS = "$(PLATFORM_DIR)/Developer/Library/Frameworks";
				HEADER_SEARCH_PATHS = /Users/joelsaltzman/Sites/XcodeHelper/Packages/CCommonCrypto;
				INFOPLIST_FILE = XcodeHelper.xcodeproj/XcodeHelperKit_Info.plist;
				LD_RUNPATH_SEARCH_PATHS = "$(TOOLCHAIN_DIR)/usr/lib/swift/macosx";
				OTHER_LDFLAGS = "$(inherited)";
				OTHER_SWIFT_FLAGS = "$(inherited)";
				PRODUCT_BUNDLE_IDENTIFIER = XcodeHelperKit;
				PRODUCT_MODULE_NAME = "$(TARGET_NAME:c99extidentifier)";
				PRODUCT_NAME = "$(TARGET_NAME:c99extidentifier)";
				SWIFT_VERSION = 3.0;
			};
			name = Release;
		};
		_ReleaseConf_XcodeHelperKitTests /* Release */ = {
			isa = XCBuildConfiguration;
			buildSettings = {
				EMBEDDED_CONTENT_CONTAINS_SWIFT = YES;
				FRAMEWORK_SEARCH_PATHS = "$(PLATFORM_DIR)/Developer/Library/Frameworks";
				HEADER_SEARCH_PATHS = /Users/joelsaltzman/Sites/XcodeHelper/Packages/CCommonCrypto;
				INFOPLIST_FILE = XcodeHelper.xcodeproj/XcodeHelperKitTests_Info.plist;
				LD_RUNPATH_SEARCH_PATHS = "@loader_path/../Frameworks";
				OTHER_LDFLAGS = "$(inherited)";
				OTHER_SWIFT_FLAGS = "$(inherited)";
				SWIFT_VERSION = 3.0;
			};
			name = Release;
		};
		_ReleaseConf_xchelper /* Release */ = {
			isa = XCBuildConfiguration;
			buildSettings = {
				FRAMEWORK_SEARCH_PATHS = "$(PLATFORM_DIR)/Developer/Library/Frameworks";
				GCC_OPTIMIZATION_LEVEL = 3;
				HEADER_SEARCH_PATHS = /Users/joelsaltzman/Sites/XcodeHelper/Packages/CCommonCrypto;
				LD_RUNPATH_SEARCH_PATHS = "$(TOOLCHAIN_DIR)/usr/lib/swift/macosx @executable_path";
				OTHER_LDFLAGS = "$(inherited)";
				OTHER_SWIFT_FLAGS = "$(inherited)";
				STRIP_STYLE = all;
				SWIFT_FORCE_DYNAMIC_LINK_STDLIB = YES;
				SWIFT_FORCE_STATIC_LINK_STDLIB = NO;
				SWIFT_VERSION = 3.0;
			};
			name = Release;
		};
		"___DebugConf_CliRunnable" /* Debug */ = {
			isa = XCBuildConfiguration;
			buildSettings = {
				ENABLE_TESTABILITY = YES;
				FRAMEWORK_SEARCH_PATHS = "$(PLATFORM_DIR)/Developer/Library/Frameworks";
				INFOPLIST_FILE = XcodeHelper.xcodeproj/CliRunnable_Info.plist;
				LD_RUNPATH_SEARCH_PATHS = "$(TOOLCHAIN_DIR)/usr/lib/swift/macosx";
				OTHER_LDFLAGS = "$(inherited)";
				OTHER_SWIFT_FLAGS = "$(inherited)";
				PRODUCT_BUNDLE_IDENTIFIER = CliRunnable;
				PRODUCT_MODULE_NAME = "$(TARGET_NAME:c99extidentifier)";
				PRODUCT_NAME = "$(TARGET_NAME:c99extidentifier)";
				SWIFT_OPTIMIZATION_LEVEL = "-Onone";
				SWIFT_VERSION = 3.0;
			};
			name = Debug;
		};
		"___DebugConf_DockerProcess" /* Debug */ = {
			isa = XCBuildConfiguration;
			buildSettings = {
				ENABLE_TESTABILITY = YES;
				FRAMEWORK_SEARCH_PATHS = "$(PLATFORM_DIR)/Developer/Library/Frameworks";
				INFOPLIST_FILE = XcodeHelper.xcodeproj/DockerProcess_Info.plist;
				LD_RUNPATH_SEARCH_PATHS = "$(TOOLCHAIN_DIR)/usr/lib/swift/macosx";
				OTHER_LDFLAGS = "$(inherited)";
				OTHER_SWIFT_FLAGS = "$(inherited)";
				PRODUCT_BUNDLE_IDENTIFIER = DockerProcess;
				PRODUCT_MODULE_NAME = "$(TARGET_NAME:c99extidentifier)";
				PRODUCT_NAME = "$(TARGET_NAME:c99extidentifier)";
				SWIFT_OPTIMIZATION_LEVEL = "-Onone";
				SWIFT_VERSION = 3.0;
			};
			name = Debug;
		};
		"___DebugConf_S3Kit" /* Debug */ = {
			isa = XCBuildConfiguration;
			buildSettings = {
				ENABLE_TESTABILITY = YES;
				FRAMEWORK_SEARCH_PATHS = "$(PLATFORM_DIR)/Developer/Library/Frameworks";
				HEADER_SEARCH_PATHS = /Users/joelsaltzman/Sites/XcodeHelper/Packages/CCommonCrypto;
				INFOPLIST_FILE = XcodeHelper.xcodeproj/S3Kit_Info.plist;
				LD_RUNPATH_SEARCH_PATHS = "$(TOOLCHAIN_DIR)/usr/lib/swift/macosx";
				OTHER_LDFLAGS = "$(inherited)";
				OTHER_SWIFT_FLAGS = "$(inherited)";
				PRODUCT_BUNDLE_IDENTIFIER = S3Kit;
				PRODUCT_MODULE_NAME = "$(TARGET_NAME:c99extidentifier)";
				PRODUCT_NAME = "$(TARGET_NAME:c99extidentifier)";
				SWIFT_OPTIMIZATION_LEVEL = "-Onone";
				SWIFT_VERSION = 3.0;
			};
			name = Debug;
		};
		"___DebugConf_SynchronousProcess" /* Debug */ = {
			isa = XCBuildConfiguration;
			buildSettings = {
				ENABLE_TESTABILITY = YES;
				FRAMEWORK_SEARCH_PATHS = "$(PLATFORM_DIR)/Developer/Library/Frameworks";
				INFOPLIST_FILE = XcodeHelper.xcodeproj/SynchronousProcess_Info.plist;
				LD_RUNPATH_SEARCH_PATHS = "$(TOOLCHAIN_DIR)/usr/lib/swift/macosx";
				OTHER_LDFLAGS = "$(inherited)";
				OTHER_SWIFT_FLAGS = "$(inherited)";
				PRODUCT_BUNDLE_IDENTIFIER = SynchronousProcess;
				PRODUCT_MODULE_NAME = "$(TARGET_NAME:c99extidentifier)";
				PRODUCT_NAME = "$(TARGET_NAME:c99extidentifier)";
				SWIFT_OPTIMIZATION_LEVEL = "-Onone";
				SWIFT_VERSION = 3.0;
			};
			name = Debug;
		};
		"___DebugConf_XcodeHelperKit" /* Debug */ = {
			isa = XCBuildConfiguration;
			buildSettings = {
				ENABLE_TESTABILITY = YES;
				FRAMEWORK_SEARCH_PATHS = "$(PLATFORM_DIR)/Developer/Library/Frameworks";
				HEADER_SEARCH_PATHS = /Users/joelsaltzman/Sites/XcodeHelper/Packages/CCommonCrypto;
				INFOPLIST_FILE = XcodeHelper.xcodeproj/XcodeHelperKit_Info.plist;
				LD_RUNPATH_SEARCH_PATHS = "$(TOOLCHAIN_DIR)/usr/lib/swift/macosx";
				OTHER_LDFLAGS = "$(inherited)";
				OTHER_SWIFT_FLAGS = "$(inherited)";
				PRODUCT_BUNDLE_IDENTIFIER = XcodeHelperKit;
				PRODUCT_MODULE_NAME = "$(TARGET_NAME:c99extidentifier)";
				PRODUCT_NAME = "$(TARGET_NAME:c99extidentifier)";
				SWIFT_OPTIMIZATION_LEVEL = "-Onone";
				SWIFT_VERSION = 3.0;
			};
			name = Debug;
		};
		"___DebugConf_XcodeHelperKitTests" /* Debug */ = {
			isa = XCBuildConfiguration;
			buildSettings = {
				EMBEDDED_CONTENT_CONTAINS_SWIFT = YES;
				FRAMEWORK_SEARCH_PATHS = "$(PLATFORM_DIR)/Developer/Library/Frameworks";
				HEADER_SEARCH_PATHS = /Users/joelsaltzman/Sites/XcodeHelper/Packages/CCommonCrypto;
				INFOPLIST_FILE = XcodeHelper.xcodeproj/XcodeHelperKitTests_Info.plist;
				LD_RUNPATH_SEARCH_PATHS = "@loader_path/../Frameworks";
				OTHER_LDFLAGS = "$(inherited)";
				OTHER_SWIFT_FLAGS = "$(inherited)";
				SWIFT_OPTIMIZATION_LEVEL = "-Onone";
				SWIFT_VERSION = 3.0;
			};
			name = Debug;
		};
		"___DebugConf_xchelper" /* Debug */ = {
			isa = XCBuildConfiguration;
			buildSettings = {
				FRAMEWORK_SEARCH_PATHS = "$(PLATFORM_DIR)/Developer/Library/Frameworks";
				GCC_OPTIMIZATION_LEVEL = 3;
				HEADER_SEARCH_PATHS = /Users/joelsaltzman/Sites/XcodeHelper/Packages/CCommonCrypto;
				LD_RUNPATH_SEARCH_PATHS = "$(TOOLCHAIN_DIR)/usr/lib/swift/macosx @executable_path";
				OTHER_LDFLAGS = "$(inherited)";
				OTHER_SWIFT_FLAGS = "$(inherited)";
				STRIP_STYLE = "non-global";
				SWIFT_FORCE_DYNAMIC_LINK_STDLIB = YES;
				SWIFT_FORCE_STATIC_LINK_STDLIB = NO;
				SWIFT_OPTIMIZATION_LEVEL = "-Onone";
				SWIFT_VERSION = 3.0;
			};
			name = Debug;
		};
		"_____Release_" /* Release */ = {
			isa = XCBuildConfiguration;
			baseConfigurationReference = __PBXFileRef_XcodeHelper.xcodeproj/Configs/Project.xcconfig /* XcodeHelper.xcodeproj/Configs/Project.xcconfig */;
			buildSettings = {
			};
			name = Release;
		};
		"_______Debug_" /* Debug */ = {
			isa = XCBuildConfiguration;
			baseConfigurationReference = __PBXFileRef_XcodeHelper.xcodeproj/Configs/Project.xcconfig /* XcodeHelper.xcodeproj/Configs/Project.xcconfig */;
			buildSettings = {
			};
			name = Debug;
		};
/* End XCBuildConfiguration section */

/* Begin XCConfigurationList section */
		"___RootConfs_" /* Build configuration list for PBXProject "XcodeHelper" */ = {
			isa = XCConfigurationList;
			buildConfigurations = (
				"_______Debug_" /* Debug */,
				"_____Release_" /* Release */,
			);
			defaultConfigurationIsVisible = 0;
			defaultConfigurationName = Debug;
		};
		"_______Confs_CliRunnable" /* Build configuration list for PBXNativeTarget "CliRunnable" */ = {
			isa = XCConfigurationList;
			buildConfigurations = (
				"___DebugConf_CliRunnable" /* Debug */,
				_ReleaseConf_CliRunnable /* Release */,
			);
			defaultConfigurationIsVisible = 0;
			defaultConfigurationName = Debug;
		};
		"_______Confs_DockerProcess" /* Build configuration list for PBXNativeTarget "DockerProcess" */ = {
			isa = XCConfigurationList;
			buildConfigurations = (
				"___DebugConf_DockerProcess" /* Debug */,
				_ReleaseConf_DockerProcess /* Release */,
			);
			defaultConfigurationIsVisible = 0;
			defaultConfigurationName = Debug;
		};
		"_______Confs_S3Kit" /* Build configuration list for PBXNativeTarget "S3Kit" */ = {
			isa = XCConfigurationList;
			buildConfigurations = (
				"___DebugConf_S3Kit" /* Debug */,
				_ReleaseConf_S3Kit /* Release */,
			);
			defaultConfigurationIsVisible = 0;
			defaultConfigurationName = Debug;
		};
		"_______Confs_SynchronousProcess" /* Build configuration list for PBXNativeTarget "SynchronousProcess" */ = {
			isa = XCConfigurationList;
			buildConfigurations = (
				"___DebugConf_SynchronousProcess" /* Debug */,
				_ReleaseConf_SynchronousProcess /* Release */,
			);
			defaultConfigurationIsVisible = 0;
			defaultConfigurationName = Debug;
		};
		"_______Confs_XcodeHelperKit" /* Build configuration list for PBXNativeTarget "XcodeHelperKit" */ = {
			isa = XCConfigurationList;
			buildConfigurations = (
				"___DebugConf_XcodeHelperKit" /* Debug */,
				_ReleaseConf_XcodeHelperKit /* Release */,
			);
			defaultConfigurationIsVisible = 0;
			defaultConfigurationName = Debug;
		};
		"_______Confs_XcodeHelperKitTests" /* Build configuration list for PBXNativeTarget "XcodeHelperKitTests" */ = {
			isa = XCConfigurationList;
			buildConfigurations = (
				"___DebugConf_XcodeHelperKitTests" /* Debug */,
				_ReleaseConf_XcodeHelperKitTests /* Release */,
			);
			defaultConfigurationIsVisible = 0;
			defaultConfigurationName = Debug;
		};
		"_______Confs_xchelper" /* Build configuration list for PBXNativeTarget "xchelper" */ = {
			isa = XCConfigurationList;
			buildConfigurations = (
				"___DebugConf_xchelper" /* Debug */,
				_ReleaseConf_xchelper /* Release */,
			);
			defaultConfigurationIsVisible = 0;
			defaultConfigurationName = Debug;
		};
/* End XCConfigurationList section */
	};
	rootObject = __RootObject_ /* Project object */;
}
