// !$*UTF8*$!
{
    archiveVersion = 1;
    classes = {};
    objectVersion = 46;
    rootObject = __RootObject_;
    objects = {
        __RootObject_ = {
            isa = PBXProject;
            attributes = {LastUpgradeCheck = 9999;};
            buildConfigurationList = ___RootConfs_;
            compatibilityVersion = 'Xcode 3.2';
            developmentRegion = English;
            hasScannedForEncodings = 0;
            knownRegions = (en);
            mainGroup = ___RootGroup_;
            productRefGroup = ____Products_;
            projectDirPath = '';
            projectRoot = '';
            targets = (______Target_SynchronousProcess, ______Target_DockerProcess, ______Target_CliRunnable, ______Target_xchelper, ______Target_XcodeHelperKit, ______Target_XcodeHelperKitTests);
        };
        '__PBXFileRef_Package.swift' = {
            isa = PBXFileReference;
            lastKnownFileType = sourcecode.swift;
            path = 'Package.swift';
            sourceTree = '<group>';
        };
        ___RootGroup_ = {
            isa = PBXGroup;
            children = ('__PBXFileRef_Package.swift', _____Configs_, _____Sources_,  Dependencies_, _______Tests_, ____Products_);
            sourceTree = '<group>';
        };
        _______Group_SynchronousProcess = {
            isa = PBXGroup;
            name = 'SynchronousProcess';
            path = 'Packages/SynchronousProcess-1.0.8/Sources';
            sourceTree = '<group>';
            children = ('__PBXFileRef_Packages/SynchronousProcess-1.0.8/Sources/SynchronousProcess.swift');
        };
        '__PBXFileRef_Packages/SynchronousProcess-1.0.8/Sources/SynchronousProcess.swift' = {
            isa = PBXFileReference;
            lastKnownFileType = sourcecode.swift;
            path = 'SynchronousProcess.swift';
            sourceTree = '<group>';
        };
        ______Target_SynchronousProcess = {
            isa = PBXNativeTarget;
            buildConfigurationList = _______Confs_SynchronousProcess;
            buildPhases = (CompilePhase_SynchronousProcess, ___LinkPhase_SynchronousProcess);
            buildRules = ();
            dependencies = ();
            name = 'SynchronousProcess';
            productName = SynchronousProcess;
            productReference = _____Product_SynchronousProcess;
            productType = 'com.apple.product-type.framework';
        };
        _____Product_SynchronousProcess = {
            isa = PBXFileReference;
            explicitFileType = 'wrapper.framework';
            path = 'SynchronousProcess.framework';
            sourceTree = BUILT_PRODUCTS_DIR;
        };
        CompilePhase_SynchronousProcess = {
            isa = PBXSourcesBuildPhase;
            files = ('__src_cc_ref_Packages/SynchronousProcess-1.0.8/Sources/SynchronousProcess.swift');
            runOnlyForDeploymentPostprocessing = 0;
        };
        '__src_cc_ref_Packages/SynchronousProcess-1.0.8/Sources/SynchronousProcess.swift' = {
            isa = PBXBuildFile;
            fileRef = '__PBXFileRef_Packages/SynchronousProcess-1.0.8/Sources/SynchronousProcess.swift';
        };
        ___LinkPhase_SynchronousProcess = {
            isa = PBXFrameworksBuildPhase;
            files = ();
            runOnlyForDeploymentPostprocessing = 0;
        };
        _______Confs_SynchronousProcess = {
            isa = XCConfigurationList;
            buildConfigurations = (___DebugConf_SynchronousProcess, _ReleaseConf_SynchronousProcess);
            defaultConfigurationIsVisible = 0;
            defaultConfigurationName = Debug;
        };
        ___DebugConf_SynchronousProcess = {
            isa = XCBuildConfiguration;
            buildSettings = { SWIFT_VERSION = '3.0'; LD_RUNPATH_SEARCH_PATHS = '$(TOOLCHAIN_DIR)/usr/lib/swift/macosx'; PRODUCT_MODULE_NAME = '$(TARGET_NAME:c99extidentifier)'; ENABLE_TESTABILITY = 'YES'; OTHER_SWIFT_FLAGS = '$(inherited)'; INFOPLIST_FILE = 'XcodeHelper.xcodeproj/SynchronousProcess_Info.plist'; FRAMEWORK_SEARCH_PATHS = '$(PLATFORM_DIR)/Developer/Library/Frameworks'; SWIFT_OPTIMIZATION_LEVEL = '-Onone'; PRODUCT_BUNDLE_IDENTIFIER = 'SynchronousProcess'; PRODUCT_NAME = '$(TARGET_NAME:c99extidentifier)'; OTHER_LDFLAGS = '$(inherited)'; };
            name = Debug;
        };
        _ReleaseConf_SynchronousProcess = {
            isa = XCBuildConfiguration;
            buildSettings = { SWIFT_VERSION = '3.0'; LD_RUNPATH_SEARCH_PATHS = '$(TOOLCHAIN_DIR)/usr/lib/swift/macosx'; PRODUCT_MODULE_NAME = '$(TARGET_NAME:c99extidentifier)'; ENABLE_TESTABILITY = 'YES'; OTHER_SWIFT_FLAGS = '$(inherited)'; INFOPLIST_FILE = 'XcodeHelper.xcodeproj/SynchronousProcess_Info.plist'; FRAMEWORK_SEARCH_PATHS = '$(PLATFORM_DIR)/Developer/Library/Frameworks'; PRODUCT_BUNDLE_IDENTIFIER = 'SynchronousProcess'; PRODUCT_NAME = '$(TARGET_NAME:c99extidentifier)'; OTHER_LDFLAGS = '$(inherited)'; };
            name = Release;
        };
        __Dependency_SynchronousProcess = {
            isa = PBXTargetDependency;
            target = ______Target_SynchronousProcess;
        };
        _______Group_DockerProcess = {
            isa = PBXGroup;
            name = 'DockerProcess';
            path = 'Packages/DockerProcess-1.0.7/Sources';
            sourceTree = '<group>';
            children = ('__PBXFileRef_Packages/DockerProcess-1.0.7/Sources/DockerForMacProcess.swift', '__PBXFileRef_Packages/DockerProcess-1.0.7/Sources/DockerProcess.swift', '__PBXFileRef_Packages/DockerProcess-1.0.7/Sources/DockerToolboxProcess.swift');
        };
        '__PBXFileRef_Packages/DockerProcess-1.0.7/Sources/DockerForMacProcess.swift' = {
            isa = PBXFileReference;
            lastKnownFileType = sourcecode.swift;
            path = 'DockerForMacProcess.swift';
            sourceTree = '<group>';
        };
        '__PBXFileRef_Packages/DockerProcess-1.0.7/Sources/DockerProcess.swift' = {
            isa = PBXFileReference;
            lastKnownFileType = sourcecode.swift;
            path = 'DockerProcess.swift';
            sourceTree = '<group>';
        };
        '__PBXFileRef_Packages/DockerProcess-1.0.7/Sources/DockerToolboxProcess.swift' = {
            isa = PBXFileReference;
            lastKnownFileType = sourcecode.swift;
            path = 'DockerToolboxProcess.swift';
            sourceTree = '<group>';
        };
        ______Target_DockerProcess = {
            isa = PBXNativeTarget;
            buildConfigurationList = _______Confs_DockerProcess;
            buildPhases = (CompilePhase_DockerProcess, ___LinkPhase_DockerProcess);
            buildRules = ();
            dependencies = (__Dependency_SynchronousProcess);
            name = 'DockerProcess';
            productName = DockerProcess;
            productReference = _____Product_DockerProcess;
            productType = 'com.apple.product-type.framework';
        };
        _____Product_DockerProcess = {
            isa = PBXFileReference;
            explicitFileType = 'wrapper.framework';
            path = 'DockerProcess.framework';
            sourceTree = BUILT_PRODUCTS_DIR;
        };
        CompilePhase_DockerProcess = {
            isa = PBXSourcesBuildPhase;
            files = ('__src_cc_ref_Packages/DockerProcess-1.0.7/Sources/DockerForMacProcess.swift', '__src_cc_ref_Packages/DockerProcess-1.0.7/Sources/DockerProcess.swift', '__src_cc_ref_Packages/DockerProcess-1.0.7/Sources/DockerToolboxProcess.swift');
            runOnlyForDeploymentPostprocessing = 0;
        };
        '__src_cc_ref_Packages/DockerProcess-1.0.7/Sources/DockerForMacProcess.swift' = {
            isa = PBXBuildFile;
            fileRef = '__PBXFileRef_Packages/DockerProcess-1.0.7/Sources/DockerForMacProcess.swift';
        };
        '__src_cc_ref_Packages/DockerProcess-1.0.7/Sources/DockerProcess.swift' = {
            isa = PBXBuildFile;
            fileRef = '__PBXFileRef_Packages/DockerProcess-1.0.7/Sources/DockerProcess.swift';
        };
        '__src_cc_ref_Packages/DockerProcess-1.0.7/Sources/DockerToolboxProcess.swift' = {
            isa = PBXBuildFile;
            fileRef = '__PBXFileRef_Packages/DockerProcess-1.0.7/Sources/DockerToolboxProcess.swift';
        };
        ___LinkPhase_DockerProcess = {
            isa = PBXFrameworksBuildPhase;
            files = (_LinkFileRef_SynchronousProcess_via_DockerProcess);
            runOnlyForDeploymentPostprocessing = 0;
        };
        _LinkFileRef_SynchronousProcess_via_DockerProcess = {
            isa = PBXBuildFile;
            fileRef = _____Product_SynchronousProcess;
        };
        _______Confs_DockerProcess = {
            isa = XCConfigurationList;
            buildConfigurations = (___DebugConf_DockerProcess, _ReleaseConf_DockerProcess);
            defaultConfigurationIsVisible = 0;
            defaultConfigurationName = Debug;
        };
        ___DebugConf_DockerProcess = {
            isa = XCBuildConfiguration;
            buildSettings = { SWIFT_VERSION = '3.0'; LD_RUNPATH_SEARCH_PATHS = '$(TOOLCHAIN_DIR)/usr/lib/swift/macosx'; PRODUCT_MODULE_NAME = '$(TARGET_NAME:c99extidentifier)'; ENABLE_TESTABILITY = 'YES'; OTHER_SWIFT_FLAGS = '$(inherited)'; INFOPLIST_FILE = 'XcodeHelper.xcodeproj/DockerProcess_Info.plist'; FRAMEWORK_SEARCH_PATHS = '$(PLATFORM_DIR)/Developer/Library/Frameworks'; SWIFT_OPTIMIZATION_LEVEL = '-Onone'; PRODUCT_BUNDLE_IDENTIFIER = 'DockerProcess'; PRODUCT_NAME = '$(TARGET_NAME:c99extidentifier)'; OTHER_LDFLAGS = '$(inherited)'; };
            name = Debug;
        };
        _ReleaseConf_DockerProcess = {
            isa = XCBuildConfiguration;
            buildSettings = { SWIFT_VERSION = '3.0'; LD_RUNPATH_SEARCH_PATHS = '$(TOOLCHAIN_DIR)/usr/lib/swift/macosx'; PRODUCT_MODULE_NAME = '$(TARGET_NAME:c99extidentifier)'; ENABLE_TESTABILITY = 'YES'; OTHER_SWIFT_FLAGS = '$(inherited)'; INFOPLIST_FILE = 'XcodeHelper.xcodeproj/DockerProcess_Info.plist'; FRAMEWORK_SEARCH_PATHS = '$(PLATFORM_DIR)/Developer/Library/Frameworks'; PRODUCT_BUNDLE_IDENTIFIER = 'DockerProcess'; PRODUCT_NAME = '$(TARGET_NAME:c99extidentifier)'; OTHER_LDFLAGS = '$(inherited)'; };
            name = Release;
        };
        __Dependency_DockerProcess = {
            isa = PBXTargetDependency;
            target = ______Target_DockerProcess;
        };
        _______Group_CliRunnable = {
            isa = PBXGroup;
            name = 'CliRunnable';
            path = 'Packages/CliRunnable-1.0.9/Sources';
            sourceTree = '<group>';
            children = ('__PBXFileRef_Packages/CliRunnable-1.0.9/Sources/CliOption.swift', '__PBXFileRef_Packages/CliRunnable-1.0.9/Sources/CliRunnable.swift', '__PBXFileRef_Packages/CliRunnable-1.0.9/Sources/Helpable.swift');
        };
        '__PBXFileRef_Packages/CliRunnable-1.0.9/Sources/CliOption.swift' = {
            isa = PBXFileReference;
            lastKnownFileType = sourcecode.swift;
            path = 'CliOption.swift';
            sourceTree = '<group>';
        };
        '__PBXFileRef_Packages/CliRunnable-1.0.9/Sources/CliRunnable.swift' = {
            isa = PBXFileReference;
            lastKnownFileType = sourcecode.swift;
            path = 'CliRunnable.swift';
            sourceTree = '<group>';
        };
        '__PBXFileRef_Packages/CliRunnable-1.0.9/Sources/Helpable.swift' = {
            isa = PBXFileReference;
            lastKnownFileType = sourcecode.swift;
            path = 'Helpable.swift';
            sourceTree = '<group>';
        };
        ______Target_CliRunnable = {
            isa = PBXNativeTarget;
            buildConfigurationList = _______Confs_CliRunnable;
            buildPhases = (CompilePhase_CliRunnable, ___LinkPhase_CliRunnable);
            buildRules = ();
            dependencies = ();
            name = 'CliRunnable';
            productName = CliRunnable;
            productReference = _____Product_CliRunnable;
            productType = 'com.apple.product-type.framework';
        };
        _____Product_CliRunnable = {
            isa = PBXFileReference;
            explicitFileType = 'wrapper.framework';
            path = 'CliRunnable.framework';
            sourceTree = BUILT_PRODUCTS_DIR;
        };
        CompilePhase_CliRunnable = {
            isa = PBXSourcesBuildPhase;
            files = ('__src_cc_ref_Packages/CliRunnable-1.0.9/Sources/CliOption.swift', '__src_cc_ref_Packages/CliRunnable-1.0.9/Sources/CliRunnable.swift', '__src_cc_ref_Packages/CliRunnable-1.0.9/Sources/Helpable.swift');
            runOnlyForDeploymentPostprocessing = 0;
        };
        '__src_cc_ref_Packages/CliRunnable-1.0.9/Sources/CliOption.swift' = {
            isa = PBXBuildFile;
            fileRef = '__PBXFileRef_Packages/CliRunnable-1.0.9/Sources/CliOption.swift';
        };
        '__src_cc_ref_Packages/CliRunnable-1.0.9/Sources/CliRunnable.swift' = {
            isa = PBXBuildFile;
            fileRef = '__PBXFileRef_Packages/CliRunnable-1.0.9/Sources/CliRunnable.swift';
        };
        '__src_cc_ref_Packages/CliRunnable-1.0.9/Sources/Helpable.swift' = {
            isa = PBXBuildFile;
            fileRef = '__PBXFileRef_Packages/CliRunnable-1.0.9/Sources/Helpable.swift';
        };
        ___LinkPhase_CliRunnable = {
            isa = PBXFrameworksBuildPhase;
            files = ();
            runOnlyForDeploymentPostprocessing = 0;
        };
        _______Confs_CliRunnable = {
            isa = XCConfigurationList;
            buildConfigurations = (___DebugConf_CliRunnable, _ReleaseConf_CliRunnable);
            defaultConfigurationIsVisible = 0;
            defaultConfigurationName = Debug;
        };
        ___DebugConf_CliRunnable = {
            isa = XCBuildConfiguration;
            buildSettings = { SWIFT_VERSION = '3.0'; LD_RUNPATH_SEARCH_PATHS = '$(TOOLCHAIN_DIR)/usr/lib/swift/macosx'; PRODUCT_MODULE_NAME = '$(TARGET_NAME:c99extidentifier)'; ENABLE_TESTABILITY = 'YES'; OTHER_SWIFT_FLAGS = '$(inherited)'; INFOPLIST_FILE = 'XcodeHelper.xcodeproj/CliRunnable_Info.plist'; FRAMEWORK_SEARCH_PATHS = '$(PLATFORM_DIR)/Developer/Library/Frameworks'; SWIFT_OPTIMIZATION_LEVEL = '-Onone'; PRODUCT_BUNDLE_IDENTIFIER = 'CliRunnable'; PRODUCT_NAME = '$(TARGET_NAME:c99extidentifier)'; OTHER_LDFLAGS = '$(inherited)'; };
            name = Debug;
        };
        _ReleaseConf_CliRunnable = {
            isa = XCBuildConfiguration;
            buildSettings = { SWIFT_VERSION = '3.0'; LD_RUNPATH_SEARCH_PATHS = '$(TOOLCHAIN_DIR)/usr/lib/swift/macosx'; PRODUCT_MODULE_NAME = '$(TARGET_NAME:c99extidentifier)'; ENABLE_TESTABILITY = 'YES'; OTHER_SWIFT_FLAGS = '$(inherited)'; INFOPLIST_FILE = 'XcodeHelper.xcodeproj/CliRunnable_Info.plist'; FRAMEWORK_SEARCH_PATHS = '$(PLATFORM_DIR)/Developer/Library/Frameworks'; PRODUCT_BUNDLE_IDENTIFIER = 'CliRunnable'; PRODUCT_NAME = '$(TARGET_NAME:c99extidentifier)'; OTHER_LDFLAGS = '$(inherited)'; };
            name = Release;
        };
        __Dependency_CliRunnable = {
            isa = PBXTargetDependency;
            target = ______Target_CliRunnable;
        };
        _______Group_xchelper = {
            isa = PBXGroup;
            name = 'xchelper';
            path = 'xchelper';
            sourceTree = '<group>';
            children = ('__PBXFileRef_xchelper/main.swift');
        };
        '__PBXFileRef_xchelper/main.swift' = {
            isa = PBXFileReference;
            lastKnownFileType = sourcecode.swift;
            path = 'main.swift';
            sourceTree = '<group>';
        };
        ______Target_xchelper = {
            isa = PBXNativeTarget;
            buildConfigurationList = _______Confs_xchelper;
            buildPhases = (CompilePhase_xchelper, ___LinkPhase_xchelper);
            buildRules = ();
            dependencies = (__Dependency_SynchronousProcess, __Dependency_DockerProcess, __Dependency_CliRunnable, __Dependency_XcodeHelperKit);
            name = 'xchelper';
            productName = xchelper;
            productReference = _____Product_xchelper;
            productType = 'com.apple.product-type.tool';
        };
        _____Product_xchelper = {
            isa = PBXFileReference;
            explicitFileType = 'compiled.mach-o.executable';
            path = 'xchelper';
            sourceTree = BUILT_PRODUCTS_DIR;
        };
        CompilePhase_xchelper = {
            isa = PBXSourcesBuildPhase;
            files = ('__src_cc_ref_xchelper/main.swift');
            runOnlyForDeploymentPostprocessing = 0;
        };
        '__src_cc_ref_xchelper/main.swift' = {
            isa = PBXBuildFile;
            fileRef = '__PBXFileRef_xchelper/main.swift';
        };
        ___LinkPhase_xchelper = {
            isa = PBXFrameworksBuildPhase;
            files = (_LinkFileRef_SynchronousProcess_via_xchelper, _LinkFileRef_DockerProcess_via_xchelper, _LinkFileRef_CliRunnable_via_xchelper, _LinkFileRef_XcodeHelperKit_via_xchelper);
            runOnlyForDeploymentPostprocessing = 0;
        };
        _LinkFileRef_SynchronousProcess_via_xchelper = {
            isa = PBXBuildFile;
            fileRef = _____Product_SynchronousProcess;
        };
        _LinkFileRef_DockerProcess_via_xchelper = {
            isa = PBXBuildFile;
            fileRef = _____Product_DockerProcess;
        };
        _LinkFileRef_CliRunnable_via_xchelper = {
            isa = PBXBuildFile;
            fileRef = _____Product_CliRunnable;
        };
        _LinkFileRef_XcodeHelperKit_via_xchelper = {
            isa = PBXBuildFile;
            fileRef = _____Product_XcodeHelperKit;
        };
        _______Confs_xchelper = {
            isa = XCConfigurationList;
            buildConfigurations = (___DebugConf_xchelper, _ReleaseConf_xchelper);
            defaultConfigurationIsVisible = 0;
            defaultConfigurationName = Debug;
        };
        ___DebugConf_xchelper = {
            isa = XCBuildConfiguration;
            buildSettings = { LD_RUNPATH_SEARCH_PATHS = '$(TOOLCHAIN_DIR)/usr/lib/swift/macosx @executable_path'; FRAMEWORK_SEARCH_PATHS = '$(PLATFORM_DIR)/Developer/Library/Frameworks'; OTHER_SWIFT_FLAGS = '$(inherited)'; SWIFT_FORCE_STATIC_LINK_STDLIB = 'NO'; SWIFT_FORCE_DYNAMIC_LINK_STDLIB = 'YES'; SWIFT_OPTIMIZATION_LEVEL = '-Onone'; OTHER_LDFLAGS = '$(inherited)'; SWIFT_VERSION = '3.0'; };
            name = Debug;
        };
        _ReleaseConf_xchelper = {
            isa = XCBuildConfiguration;
            buildSettings = { LD_RUNPATH_SEARCH_PATHS = '$(TOOLCHAIN_DIR)/usr/lib/swift/macosx @executable_path'; FRAMEWORK_SEARCH_PATHS = '$(PLATFORM_DIR)/Developer/Library/Frameworks'; OTHER_SWIFT_FLAGS = '$(inherited)'; SWIFT_FORCE_STATIC_LINK_STDLIB = 'NO'; SWIFT_FORCE_DYNAMIC_LINK_STDLIB = 'YES'; OTHER_LDFLAGS = '$(inherited)'; SWIFT_VERSION = '3.0'; };
            name = Release;
        };
        __Dependency_xchelper = {
            isa = PBXTargetDependency;
            target = ______Target_xchelper;
        };
        _______Group_XcodeHelperKit = {
            isa = PBXGroup;
            name = 'XcodeHelperKit';
            path = 'XcodeHelperKit';
            sourceTree = '<group>';
            children = ('__PBXFileRef_XcodeHelperKit/XcodeHelper.swift', '__PBXFileRef_XcodeHelperKit/XcodeHelperCLI.swift');
        };
        '__PBXFileRef_XcodeHelperKit/XcodeHelper.swift' = {
            isa = PBXFileReference;
            lastKnownFileType = sourcecode.swift;
            path = 'XcodeHelper.swift';
            sourceTree = '<group>';
        };
        '__PBXFileRef_XcodeHelperKit/XcodeHelperCLI.swift' = {
            isa = PBXFileReference;
            lastKnownFileType = sourcecode.swift;
            path = 'XcodeHelperCLI.swift';
            sourceTree = '<group>';
        };
        ______Target_XcodeHelperKit = {
            isa = PBXNativeTarget;
            buildConfigurationList = _______Confs_XcodeHelperKit;
            buildPhases = (CompilePhase_XcodeHelperKit, ___LinkPhase_XcodeHelperKit);
            buildRules = ();
            dependencies = (__Dependency_SynchronousProcess, __Dependency_DockerProcess, __Dependency_CliRunnable);
            name = 'XcodeHelperKit';
            productName = XcodeHelperKit;
            productReference = _____Product_XcodeHelperKit;
            productType = 'com.apple.product-type.framework';
        };
        _____Product_XcodeHelperKit = {
            isa = PBXFileReference;
            explicitFileType = 'wrapper.framework';
            path = 'XcodeHelperKit.framework';
            sourceTree = BUILT_PRODUCTS_DIR;
        };
        CompilePhase_XcodeHelperKit = {
            isa = PBXSourcesBuildPhase;
            files = ('__src_cc_ref_XcodeHelperKit/XcodeHelper.swift', '__src_cc_ref_XcodeHelperKit/XcodeHelperCLI.swift');
            runOnlyForDeploymentPostprocessing = 0;
        };
        '__src_cc_ref_XcodeHelperKit/XcodeHelper.swift' = {
            isa = PBXBuildFile;
            fileRef = '__PBXFileRef_XcodeHelperKit/XcodeHelper.swift';
        };
        '__src_cc_ref_XcodeHelperKit/XcodeHelperCLI.swift' = {
            isa = PBXBuildFile;
            fileRef = '__PBXFileRef_XcodeHelperKit/XcodeHelperCLI.swift';
        };
        ___LinkPhase_XcodeHelperKit = {
            isa = PBXFrameworksBuildPhase;
            files = (_LinkFileRef_SynchronousProcess_via_XcodeHelperKit, _LinkFileRef_DockerProcess_via_XcodeHelperKit, _LinkFileRef_CliRunnable_via_XcodeHelperKit);
            runOnlyForDeploymentPostprocessing = 0;
        };
        _LinkFileRef_SynchronousProcess_via_XcodeHelperKit = {
            isa = PBXBuildFile;
            fileRef = _____Product_SynchronousProcess;
        };
        _LinkFileRef_DockerProcess_via_XcodeHelperKit = {
            isa = PBXBuildFile;
            fileRef = _____Product_DockerProcess;
        };
        _LinkFileRef_CliRunnable_via_XcodeHelperKit = {
            isa = PBXBuildFile;
            fileRef = _____Product_CliRunnable;
        };
        _______Confs_XcodeHelperKit = {
            isa = XCConfigurationList;
            buildConfigurations = (___DebugConf_XcodeHelperKit, _ReleaseConf_XcodeHelperKit);
            defaultConfigurationIsVisible = 0;
            defaultConfigurationName = Debug;
        };
        ___DebugConf_XcodeHelperKit = {
            isa = XCBuildConfiguration;
            buildSettings = { SWIFT_VERSION = '3.0'; LD_RUNPATH_SEARCH_PATHS = '$(TOOLCHAIN_DIR)/usr/lib/swift/macosx'; PRODUCT_MODULE_NAME = '$(TARGET_NAME:c99extidentifier)'; ENABLE_TESTABILITY = 'YES'; OTHER_SWIFT_FLAGS = '$(inherited)'; INFOPLIST_FILE = 'XcodeHelper.xcodeproj/XcodeHelperKit_Info.plist'; FRAMEWORK_SEARCH_PATHS = '$(PLATFORM_DIR)/Developer/Library/Frameworks'; SWIFT_OPTIMIZATION_LEVEL = '-Onone'; PRODUCT_BUNDLE_IDENTIFIER = 'XcodeHelperKit'; PRODUCT_NAME = '$(TARGET_NAME:c99extidentifier)'; OTHER_LDFLAGS = '$(inherited)'; };
            name = Debug;
        };
        _ReleaseConf_XcodeHelperKit = {
            isa = XCBuildConfiguration;
            buildSettings = { SWIFT_VERSION = '3.0'; LD_RUNPATH_SEARCH_PATHS = '$(TOOLCHAIN_DIR)/usr/lib/swift/macosx'; PRODUCT_MODULE_NAME = '$(TARGET_NAME:c99extidentifier)'; ENABLE_TESTABILITY = 'YES'; OTHER_SWIFT_FLAGS = '$(inherited)'; INFOPLIST_FILE = 'XcodeHelper.xcodeproj/XcodeHelperKit_Info.plist'; FRAMEWORK_SEARCH_PATHS = '$(PLATFORM_DIR)/Developer/Library/Frameworks'; PRODUCT_BUNDLE_IDENTIFIER = 'XcodeHelperKit'; PRODUCT_NAME = '$(TARGET_NAME:c99extidentifier)'; OTHER_LDFLAGS = '$(inherited)'; };
            name = Release;
        };
        __Dependency_XcodeHelperKit = {
            isa = PBXTargetDependency;
            target = ______Target_XcodeHelperKit;
        };
        _______Group_XcodeHelperKitTests = {
            isa = PBXGroup;
            name = 'XcodeHelperKitTests';
            path = 'Tests/XcodeHelperKitTests';
            sourceTree = '<group>';
            children = ('__PBXFileRef_Tests/XcodeHelperKitTests/XcodeHelperTests.swift');
        };
        '__PBXFileRef_Tests/XcodeHelperKitTests/XcodeHelperTests.swift' = {
            isa = PBXFileReference;
            lastKnownFileType = sourcecode.swift;
            path = 'XcodeHelperTests.swift';
            sourceTree = '<group>';
        };
        ______Target_XcodeHelperKitTests = {
            isa = PBXNativeTarget;
            buildConfigurationList = _______Confs_XcodeHelperKitTests;
            buildPhases = (CompilePhase_XcodeHelperKitTests, ___LinkPhase_XcodeHelperKitTests);
            buildRules = ();
            dependencies = (__Dependency_SynchronousProcess, __Dependency_DockerProcess, __Dependency_CliRunnable, __Dependency_XcodeHelperKit);
            name = 'XcodeHelperKitTests';
            productName = XcodeHelperKitTests;
            productReference = _____Product_XcodeHelperKitTests;
            productType = 'com.apple.product-type.bundle.unit-test';
        };
        _____Product_XcodeHelperKitTests = {
            isa = PBXFileReference;
            explicitFileType = 'compiled.mach-o.wrapper.cfbundle';
            path = 'XcodeHelperKitTests.xctest';
            sourceTree = BUILT_PRODUCTS_DIR;
        };
        CompilePhase_XcodeHelperKitTests = {
            isa = PBXSourcesBuildPhase;
            files = ('__src_cc_ref_Tests/XcodeHelperKitTests/XcodeHelperTests.swift');
            runOnlyForDeploymentPostprocessing = 0;
        };
        '__src_cc_ref_Tests/XcodeHelperKitTests/XcodeHelperTests.swift' = {
            isa = PBXBuildFile;
            fileRef = '__PBXFileRef_Tests/XcodeHelperKitTests/XcodeHelperTests.swift';
        };
        ___LinkPhase_XcodeHelperKitTests = {
            isa = PBXFrameworksBuildPhase;
            files = (_LinkFileRef_SynchronousProcess_via_XcodeHelperKitTests, _LinkFileRef_DockerProcess_via_XcodeHelperKitTests, _LinkFileRef_CliRunnable_via_XcodeHelperKitTests, _LinkFileRef_XcodeHelperKit_via_XcodeHelperKitTests);
            runOnlyForDeploymentPostprocessing = 0;
        };
        _LinkFileRef_SynchronousProcess_via_XcodeHelperKitTests = {
            isa = PBXBuildFile;
            fileRef = _____Product_SynchronousProcess;
        };
        _LinkFileRef_DockerProcess_via_XcodeHelperKitTests = {
            isa = PBXBuildFile;
            fileRef = _____Product_DockerProcess;
        };
        _LinkFileRef_CliRunnable_via_XcodeHelperKitTests = {
            isa = PBXBuildFile;
            fileRef = _____Product_CliRunnable;
        };
        _LinkFileRef_XcodeHelperKit_via_XcodeHelperKitTests = {
            isa = PBXBuildFile;
            fileRef = _____Product_XcodeHelperKit;
        };
        _______Confs_XcodeHelperKitTests = {
            isa = XCConfigurationList;
            buildConfigurations = (___DebugConf_XcodeHelperKitTests, _ReleaseConf_XcodeHelperKitTests);
            defaultConfigurationIsVisible = 0;
            defaultConfigurationName = Debug;
        };
        ___DebugConf_XcodeHelperKitTests = {
            isa = XCBuildConfiguration;
            buildSettings = { LD_RUNPATH_SEARCH_PATHS = '@loader_path/../Frameworks'; FRAMEWORK_SEARCH_PATHS = '$(PLATFORM_DIR)/Developer/Library/Frameworks'; OTHER_SWIFT_FLAGS = '$(inherited)'; INFOPLIST_FILE = 'XcodeHelper.xcodeproj/XcodeHelperKitTests_Info.plist'; SWIFT_OPTIMIZATION_LEVEL = '-Onone'; EMBEDDED_CONTENT_CONTAINS_SWIFT = 'YES'; OTHER_LDFLAGS = '$(inherited)'; SWIFT_VERSION = '3.0'; };
            name = Debug;
        };
        _ReleaseConf_XcodeHelperKitTests = {
            isa = XCBuildConfiguration;
            buildSettings = { LD_RUNPATH_SEARCH_PATHS = '@loader_path/../Frameworks'; FRAMEWORK_SEARCH_PATHS = '$(PLATFORM_DIR)/Developer/Library/Frameworks'; OTHER_SWIFT_FLAGS = '$(inherited)'; INFOPLIST_FILE = 'XcodeHelper.xcodeproj/XcodeHelperKitTests_Info.plist'; EMBEDDED_CONTENT_CONTAINS_SWIFT = 'YES'; OTHER_LDFLAGS = '$(inherited)'; SWIFT_VERSION = '3.0'; };
            name = Release;
        };
        __Dependency_XcodeHelperKitTests = {
            isa = PBXTargetDependency;
            target = ______Target_XcodeHelperKitTests;
        };
        '__PBXFileRef_XcodeHelper.xcodeproj/Configs/Project.xcconfig' = {
            isa = PBXFileReference;
            lastKnownFileType = text.xcconfig;
            path = 'XcodeHelper.xcodeproj/Configs/Project.xcconfig';
            sourceTree = '<group>';
        };
        _____Configs_ = {
            isa = PBXGroup;
            children = ('__PBXFileRef_XcodeHelper.xcodeproj/Configs/Project.xcconfig');
            name = Configs;
            sourceTree = '<group>';
        };
        _____Sources_ = {
            isa = PBXGroup;
            children = (_______Group_SynchronousProcess, _______Group_DockerProcess, _______Group_CliRunnable, _______Group_xchelper, _______Group_XcodeHelperKit);
            name = Sources;
            sourceTree = '<group>';
        };
        Dependencies_ = {
            isa = PBXGroup;
            children = (_______Group_DockerProcess, _______Group_SynchronousProcess, _______Group_CliRunnable);
            name = Dependencies;
            sourceTree = '<group>';
        };
        _______Tests_ = {
            isa = PBXGroup;
            children = (_______Group_XcodeHelperKitTests);
            name = Tests;
            sourceTree = '<group>';
        };
       TestProducts_ = {
            isa = PBXGroup;
            children = (_____Product_XcodeHelperKitTests);
            name = Tests;
            sourceTree = '<group>';
        };
        ____Products_ = {
            isa = PBXGroup;
            children = (TestProducts_, _____Product_SynchronousProcess, _____Product_DockerProcess, _____Product_CliRunnable, _____Product_xchelper, _____Product_XcodeHelperKit);
            name = Products;
            sourceTree = '<group>';
        };
        _______Debug_ = {
            isa = XCBuildConfiguration;
            baseConfigurationReference = '__PBXFileRef_XcodeHelper.xcodeproj/Configs/Project.xcconfig';
            buildSettings = {};
            name = Debug;
        };
        _____Release_ = {
            isa = XCBuildConfiguration;
            baseConfigurationReference = '__PBXFileRef_XcodeHelper.xcodeproj/Configs/Project.xcconfig';
            buildSettings = {};
            name = Release;
        };
        ___RootConfs_ = {
            isa = XCConfigurationList;
            buildConfigurations = (_______Debug_, _____Release_);
            defaultConfigurationIsVisible = 0;
            defaultConfigurationName = Debug;
        };
    };
}
